// !$*UTF8*$!
{
	archiveVersion = 1;
	classes = {
	};
	objectVersion = 46;
	objects = {
/* Begin PBXBuildFile section */
		00C302E51ABCBA2D00DB3ED1 /* libRCTActionSheet.a in Frameworks */ = {isa = PBXBuildFile; fileRef = 00C302AC1ABCB8CE00DB3ED1 /* libRCTActionSheet.a */; };
		00C302E71ABCBA2D00DB3ED1 /* libRCTGeolocation.a in Frameworks */ = {isa = PBXBuildFile; fileRef = 00C302BA1ABCB90400DB3ED1 /* libRCTGeolocation.a */; };
		00C302E81ABCBA2D00DB3ED1 /* libRCTImage.a in Frameworks */ = {isa = PBXBuildFile; fileRef = 00C302C01ABCB91800DB3ED1 /* libRCTImage.a */; };
		00C302E91ABCBA2D00DB3ED1 /* libRCTNetwork.a in Frameworks */ = {isa = PBXBuildFile; fileRef = 00C302DC1ABCB9D200DB3ED1 /* libRCTNetwork.a */; };
		00C302EA1ABCBA2D00DB3ED1 /* libRCTVibration.a in Frameworks */ = {isa = PBXBuildFile; fileRef = 00C302E41ABCB9EE00DB3ED1 /* libRCTVibration.a */; };
		00E356F31AD99517003FC87E /* FirstStudentTests.m in Sources */ = {isa = PBXBuildFile; fileRef = 00E356F21AD99517003FC87E /* FirstStudentTests.m */; };
		0D18E834522D4A579C46682E /* Ionicons.ttf in Resources */ = {isa = PBXBuildFile; fileRef = 22EF7FC57B0141A6831E9785 /* Ionicons.ttf */; };
		133E29F31AD74F7200F7D852 /* libRCTLinking.a in Frameworks */ = {isa = PBXBuildFile; fileRef = 78C398B91ACF4ADC00677621 /* libRCTLinking.a */; };
		139105C61AF99C1200B5F7CC /* libRCTSettings.a in Frameworks */ = {isa = PBXBuildFile; fileRef = 139105C11AF99BAD00B5F7CC /* libRCTSettings.a */; };
		139FDEF61B0652A700C62182 /* libRCTWebSocket.a in Frameworks */ = {isa = PBXBuildFile; fileRef = 139FDEF41B06529B00C62182 /* libRCTWebSocket.a */; };
		13B07FBC1A68108700A75B9A /* AppDelegate.m in Sources */ = {isa = PBXBuildFile; fileRef = 13B07FB01A68108700A75B9A /* AppDelegate.m */; };
		13B07FBD1A68108700A75B9A /* LaunchScreen.xib in Resources */ = {isa = PBXBuildFile; fileRef = 13B07FB11A68108700A75B9A /* LaunchScreen.xib */; };
		13B07FBF1A68108700A75B9A /* Images.xcassets in Resources */ = {isa = PBXBuildFile; fileRef = 13B07FB51A68108700A75B9A /* Images.xcassets */; };
		13B07FC11A68108700A75B9A /* main.m in Sources */ = {isa = PBXBuildFile; fileRef = 13B07FB71A68108700A75B9A /* main.m */; };
		140ED2AC1D01E1AD002B40FF /* libReact.a in Frameworks */ = {isa = PBXBuildFile; fileRef = 146834041AC3E56700842450 /* libReact.a */; };
		146834051AC3E58100842450 /* libReact.a in Frameworks */ = {isa = PBXBuildFile; fileRef = 146834041AC3E56700842450 /* libReact.a */; };
		2BE4787A60314AA5AB49D88B /* Octicons.ttf in Resources */ = {isa = PBXBuildFile; fileRef = 942E669756A24237BFDD469F /* Octicons.ttf */; };
		31124022309440DF9D66407D /* MaterialIcons.ttf in Resources */ = {isa = PBXBuildFile; fileRef = EEBB5F5C2C444D26925DF640 /* MaterialIcons.ttf */; };
		3742399A65B64ACDAB47642C /* libRCTFBSDK.a in Frameworks */ = {isa = PBXBuildFile; fileRef = 56C0F30CFA9F40AAAE7FD022 /* libRCTFBSDK.a */; };
		3A11419F2A814922A74E6341 /* libRNDeviceInfo.a in Frameworks */ = {isa = PBXBuildFile; fileRef = A050588BC25B460383F1EDBE /* libRNDeviceInfo.a */; };
		43007F96B55D4E88AE4A12DB /* EvilIcons.ttf in Resources */ = {isa = PBXBuildFile; fileRef = F4EFB64608FE4A74A109446C /* EvilIcons.ttf */; };
		46C5DF7F5E762B6F604900CC /* libPods-FirstStudent.a in Frameworks */ = {isa = PBXBuildFile; fileRef = ADDCD9BEC546BC33E003FED8 /* libPods-FirstStudent.a */; };
		478A6F1FD4094ECBA76D3797 /* libRNI18n.a in Frameworks */ = {isa = PBXBuildFile; fileRef = 7FBD0970CCEF44A89BBD74E7 /* libRNI18n.a */; };
		575B5760F01544E7B3F9AADB /* Entypo.ttf in Resources */ = {isa = PBXBuildFile; fileRef = 146EFEF5A8B84801A63A8FB6 /* Entypo.ttf */; };
		58C78BB9F856416B8B9EBA31 /* Foundation.ttf in Resources */ = {isa = PBXBuildFile; fileRef = 5788183186684E90AA1AAE84 /* Foundation.ttf */; };
		6CA828263E4E4830BBA8CD39 /* libRCTActionSheet.a in Frameworks */ = {isa = PBXBuildFile; fileRef = 970D27C57C7C4F938C34C736 /* libRCTActionSheet.a */; };
		6CDE1F35BBD147A19F1A9C71 /* Zocial.ttf in Resources */ = {isa = PBXBuildFile; fileRef = ECEF86ED04B54068B0A361A7 /* Zocial.ttf */; };
		733FB8E6E9F34A0981AB6ADE /* libRNVectorIcons.a in Frameworks */ = {isa = PBXBuildFile; fileRef = 1F0C75FC2C704A0E8157ED89 /* libRNVectorIcons.a */; };
		823975331F0455A000C38942 /* AddressBook.framework in Frameworks */ = {isa = PBXBuildFile; fileRef = 823975301F0455A000C38942 /* AddressBook.framework */; };
		823975341F0455A000C38942 /* SafariServices.framework in Frameworks */ = {isa = PBXBuildFile; fileRef = 823975311F0455A000C38942 /* SafariServices.framework */; };
		823975351F0455A000C38942 /* SystemConfiguration.framework in Frameworks */ = {isa = PBXBuildFile; fileRef = 823975321F0455A000C38942 /* SystemConfiguration.framework */; };
		823C30981DCF7F0C0019164A /* Fabric.framework in Frameworks */ = {isa = PBXBuildFile; fileRef = 823C30961DCF7F0C0019164A /* Fabric.framework */; };
		823C30991DCF7F0C0019164A /* Crashlytics.framework in Frameworks */ = {isa = PBXBuildFile; fileRef = 823C30971DCF7F0C0019164A /* Crashlytics.framework */; };
		823F41791DBBC9E300D5E3CA /* OneSignal.framework in Frameworks */ = {isa = PBXBuildFile; fileRef = 823F41781DBBC9E300D5E3CA /* OneSignal.framework */; };
		823F418C1DBBCAEE00D5E3CA /* libRCTOneSignal.a in Frameworks */ = {isa = PBXBuildFile; fileRef = 823F41501DBBC68300D5E3CA /* libRCTOneSignal.a */; };
		825AE1FE1EC22100005AA9D1 /* Bolts.framework in Frameworks */ = {isa = PBXBuildFile; fileRef = 825AE1FA1EC22100005AA9D1 /* Bolts.framework */; };
		825AE1FF1EC22100005AA9D1 /* FBSDKCoreKit.framework in Frameworks */ = {isa = PBXBuildFile; fileRef = 825AE1FB1EC22100005AA9D1 /* FBSDKCoreKit.framework */; };
		825AE2001EC22100005AA9D1 /* FBSDKLoginKit.framework in Frameworks */ = {isa = PBXBuildFile; fileRef = 825AE1FC1EC22100005AA9D1 /* FBSDKLoginKit.framework */; };
		825AE2011EC22100005AA9D1 /* FBSDKShareKit.framework in Frameworks */ = {isa = PBXBuildFile; fileRef = 825AE1FD1EC22100005AA9D1 /* FBSDKShareKit.framework */; };
		8280724A1DCF810A00FF3ABC /* libSMXCrashlytics.a in Frameworks */ = {isa = PBXBuildFile; fileRef = 828072491DCF80F200FF3ABC /* libSMXCrashlytics.a */; };
		828F886F1D43A6FD0005A23D /* icomoon.ttf in Resources */ = {isa = PBXBuildFile; fileRef = 828F886E1D43A6FD0005A23D /* icomoon.ttf */; };
		82A45A1F1D4C075B003DC2D1 /* libRCTSplashScreen.a in Frameworks */ = {isa = PBXBuildFile; fileRef = 82A45A151D4C0647003DC2D1 /* libRCTSplashScreen.a */; };
		82B203CE1F0467C000A3850D /* GoogleSignIn.bundle in Resources */ = {isa = PBXBuildFile; fileRef = 82B203C91F0467C000A3850D /* GoogleSignIn.bundle */; };
		82B203CF1F0467C000A3850D /* GoogleSignIn.framework in Frameworks */ = {isa = PBXBuildFile; fileRef = 82B203CA1F0467C000A3850D /* GoogleSignIn.framework */; };
		82B203D01F0467C000A3850D /* RNGoogleSignin.m in Sources */ = {isa = PBXBuildFile; fileRef = 82B203CC1F0467C000A3850D /* RNGoogleSignin.m */; };
		82B203D11F0467C000A3850D /* RNGoogleSigninButtonManager.m in Sources */ = {isa = PBXBuildFile; fileRef = 82B203CD1F0467C000A3850D /* RNGoogleSigninButtonManager.m */; };
		82E6F0F61E01C1C500CDEC8C /* OpenSans-Bold.ttf in Resources */ = {isa = PBXBuildFile; fileRef = 82E6F0EC1E01C1C500CDEC8C /* OpenSans-Bold.ttf */; };
		82E6F0F71E01C1C500CDEC8C /* OpenSans-BoldItalic.ttf in Resources */ = {isa = PBXBuildFile; fileRef = 82E6F0ED1E01C1C500CDEC8C /* OpenSans-BoldItalic.ttf */; };
		82E6F0F81E01C1C500CDEC8C /* OpenSans-ExtraBold.ttf in Resources */ = {isa = PBXBuildFile; fileRef = 82E6F0EE1E01C1C500CDEC8C /* OpenSans-ExtraBold.ttf */; };
		82E6F0F91E01C1C500CDEC8C /* OpenSans-ExtraBoldItalic.ttf in Resources */ = {isa = PBXBuildFile; fileRef = 82E6F0EF1E01C1C500CDEC8C /* OpenSans-ExtraBoldItalic.ttf */; };
		82E6F0FA1E01C1C500CDEC8C /* OpenSans-Italic.ttf in Resources */ = {isa = PBXBuildFile; fileRef = 82E6F0F01E01C1C500CDEC8C /* OpenSans-Italic.ttf */; };
		82E6F0FB1E01C1C500CDEC8C /* OpenSans-Light.ttf in Resources */ = {isa = PBXBuildFile; fileRef = 82E6F0F11E01C1C500CDEC8C /* OpenSans-Light.ttf */; };
		82E6F0FC1E01C1C500CDEC8C /* OpenSans-LightItalic.ttf in Resources */ = {isa = PBXBuildFile; fileRef = 82E6F0F21E01C1C500CDEC8C /* OpenSans-LightItalic.ttf */; };
		82E6F0FD1E01C1C500CDEC8C /* OpenSans-Regular.ttf in Resources */ = {isa = PBXBuildFile; fileRef = 82E6F0F31E01C1C500CDEC8C /* OpenSans-Regular.ttf */; };
		82E6F0FE1E01C1C500CDEC8C /* OpenSans-Semibold.ttf in Resources */ = {isa = PBXBuildFile; fileRef = 82E6F0F41E01C1C500CDEC8C /* OpenSans-Semibold.ttf */; };
		82E6F0FF1E01C1C500CDEC8C /* OpenSans-SemiboldItalic.ttf in Resources */ = {isa = PBXBuildFile; fileRef = 82E6F0F51E01C1C500CDEC8C /* OpenSans-SemiboldItalic.ttf */; };
		832341BD1AAA6AB300B99B32 /* libRCTText.a in Frameworks */ = {isa = PBXBuildFile; fileRef = 832341B51AAA6A8300B99B32 /* libRCTText.a */; };
		A65C168A5B7645B6A40BE132 /* libAirMaps.a in Frameworks */ = {isa = PBXBuildFile; fileRef = E1C2E67F24F44B908CF331F9 /* libAirMaps.a */; };
		B98D9C0048D148D9A101D6F5 /* libRNSVG.a in Frameworks */ = {isa = PBXBuildFile; fileRef = 0C1587B15EBA4329AE3988EE /* libRNSVG.a */; };
		CD8ECC72B5DF4293B53829FA /* FontAwesome.ttf in Resources */ = {isa = PBXBuildFile; fileRef = 654FCA87662C425AB83B71A8 /* FontAwesome.ttf */; };
/* End PBXBuildFile section */

/* Begin PBXContainerItemProxy section */
		00C302AB1ABCB8CE00DB3ED1 /* PBXContainerItemProxy */ = {
			isa = PBXContainerItemProxy;
			containerPortal = 00C302A71ABCB8CE00DB3ED1 /* RCTActionSheet.xcodeproj */;
			proxyType = 2;
			remoteGlobalIDString = 134814201AA4EA6300B7C361;
			remoteInfo = RCTActionSheet;
		};
		00C302B91ABCB90400DB3ED1 /* PBXContainerItemProxy */ = {
			isa = PBXContainerItemProxy;
			containerPortal = 00C302B51ABCB90400DB3ED1 /* RCTGeolocation.xcodeproj */;
			proxyType = 2;
			remoteGlobalIDString = 134814201AA4EA6300B7C361;
			remoteInfo = RCTGeolocation;
		};
		00C302BF1ABCB91800DB3ED1 /* PBXContainerItemProxy */ = {
			isa = PBXContainerItemProxy;
			containerPortal = 00C302BB1ABCB91800DB3ED1 /* RCTImage.xcodeproj */;
			proxyType = 2;
			remoteGlobalIDString = 58B5115D1A9E6B3D00147676;
			remoteInfo = RCTImage;
		};
		00C302DB1ABCB9D200DB3ED1 /* PBXContainerItemProxy */ = {
			isa = PBXContainerItemProxy;
			containerPortal = 00C302D31ABCB9D200DB3ED1 /* RCTNetwork.xcodeproj */;
			proxyType = 2;
			remoteGlobalIDString = 58B511DB1A9E6C8500147676;
			remoteInfo = RCTNetwork;
		};
		00C302E31ABCB9EE00DB3ED1 /* PBXContainerItemProxy */ = {
			isa = PBXContainerItemProxy;
			containerPortal = 00C302DF1ABCB9EE00DB3ED1 /* RCTVibration.xcodeproj */;
			proxyType = 2;
			remoteGlobalIDString = 832C81801AAF6DEF007FA2F7;
			remoteInfo = RCTVibration;
		};
		00E356F41AD99517003FC87E /* PBXContainerItemProxy */ = {
			isa = PBXContainerItemProxy;
			containerPortal = 83CBB9F71A601CBA00E9B192 /* Project object */;
			proxyType = 1;
			remoteGlobalIDString = 13B07F861A680F5B00A75B9A;
			remoteInfo = FirstStudent;
		};
		139105C01AF99BAD00B5F7CC /* PBXContainerItemProxy */ = {
			isa = PBXContainerItemProxy;
			containerPortal = 139105B61AF99BAD00B5F7CC /* RCTSettings.xcodeproj */;
			proxyType = 2;
			remoteGlobalIDString = 134814201AA4EA6300B7C361;
			remoteInfo = RCTSettings;
		};
		139FDEF31B06529B00C62182 /* PBXContainerItemProxy */ = {
			isa = PBXContainerItemProxy;
			containerPortal = 139FDEE61B06529A00C62182 /* RCTWebSocket.xcodeproj */;
			proxyType = 2;
			remoteGlobalIDString = 3C86DF461ADF2C930047B81A;
			remoteInfo = RCTWebSocket;
		};
		146834031AC3E56700842450 /* PBXContainerItemProxy */ = {
			isa = PBXContainerItemProxy;
			containerPortal = 146833FF1AC3E56700842450 /* React.xcodeproj */;
			proxyType = 2;
			remoteGlobalIDString = 83CBBA2E1A601D0E00E9B192;
			remoteInfo = React;
		};
		78C398B81ACF4ADC00677621 /* PBXContainerItemProxy */ = {
			isa = PBXContainerItemProxy;
			containerPortal = 78C398B01ACF4ADC00677621 /* RCTLinking.xcodeproj */;
			proxyType = 2;
			remoteGlobalIDString = 134814201AA4EA6300B7C361;
			remoteInfo = RCTLinking;
		};
		8227B5551EC183E200DCDCA3 /* PBXContainerItemProxy */ = {
			isa = PBXContainerItemProxy;
			containerPortal = 3B3991B6BDDF4AEE951B7B1C /* ReactNativeGlobalProps.xcodeproj */;
			proxyType = 2;
			remoteGlobalIDString = 13B07F961A680F5B00A75B9A;
			remoteInfo = ReactNativeGlobalProps;
		};
		8227B5571EC183E200DCDCA3 /* PBXContainerItemProxy */ = {
			isa = PBXContainerItemProxy;
			containerPortal = 3B3991B6BDDF4AEE951B7B1C /* ReactNativeGlobalProps.xcodeproj */;
			proxyType = 2;
			remoteGlobalIDString = 00E356EE1AD99517003FC87E;
			remoteInfo = ReactNativeGlobalPropsTests;
		};
		823F414F1DBBC68300D5E3CA /* PBXContainerItemProxy */ = {
			isa = PBXContainerItemProxy;
			containerPortal = 823F41451DBBC68300D5E3CA /* RCTOneSignal.xcodeproj */;
			proxyType = 2;
			remoteGlobalIDString = 3245CDED1BFEE35C00EABF68;
			remoteInfo = RCTOneSignal;
		};
		828072481DCF80F200FF3ABC /* PBXContainerItemProxy */ = {
			isa = PBXContainerItemProxy;
			containerPortal = 828072321DCF80F200FF3ABC /* SMXCrashlytics.xcodeproj */;
			proxyType = 2;
			remoteGlobalIDString = D8D9DB831C6D03DB009FBC0E;
			remoteInfo = SMXCrashlytics;
		};
		828F88521D4383AA0005A23D /* PBXContainerItemProxy */ = {
			isa = PBXContainerItemProxy;
			containerPortal = 9E7A741229854E658756BDCF /* AirMaps.xcodeproj */;
			proxyType = 2;
			remoteGlobalIDString = 11FA5C511C4A1296003AC2EE;
			remoteInfo = AirMaps;
		};
		828F885F1D4383AA0005A23D /* PBXContainerItemProxy */ = {
			isa = PBXContainerItemProxy;
			containerPortal = F3CE97B36A5A4AE981925815 /* RNVectorIcons.xcodeproj */;
			proxyType = 2;
			remoteGlobalIDString = 5DBEB1501B18CEA900B34395;
			remoteInfo = RNVectorIcons;
		};
		828F88651D4383AA0005A23D /* PBXContainerItemProxy */ = {
			isa = PBXContainerItemProxy;
			containerPortal = CA78275985A44F0684FFD2EF /* RNI18n.xcodeproj */;
			proxyType = 2;
			remoteGlobalIDString = CDD7BF781B2D5125006FDA75;
			remoteInfo = RNI18n;
		};
		828F88671D4383AA0005A23D /* PBXContainerItemProxy */ = {
			isa = PBXContainerItemProxy;
			containerPortal = CA78275985A44F0684FFD2EF /* RNI18n.xcodeproj */;
			proxyType = 2;
			remoteGlobalIDString = CDD7BF831B2D5126006FDA75;
			remoteInfo = RNI18nTests;
		};
		828F886C1D4383AA0005A23D /* PBXContainerItemProxy */ = {
			isa = PBXContainerItemProxy;
			containerPortal = 8FBFB201E9EB4C098B2AFDBD /* RNDeviceInfo.xcodeproj */;
			proxyType = 2;
			remoteGlobalIDString = DA5891D81BA9A9FC002B4DB2;
			remoteInfo = RNDeviceInfo;
		};
		82A45A141D4C0647003DC2D1 /* PBXContainerItemProxy */ = {
			isa = PBXContainerItemProxy;
			containerPortal = 82A45A091D4C0647003DC2D1 /* RCTSplashScreen.xcodeproj */;
			proxyType = 2;
			remoteGlobalIDString = 3245CDED1BFEE35C00EABF68;
			remoteInfo = RCTSplashScreen;
		};
		82DB3C261D4A5B89007B4DF3 /* PBXContainerItemProxy */ = {
			isa = PBXContainerItemProxy;
			containerPortal = EEA594AE29AE4AD7ABE6AE8F /* RNSVG.xcodeproj */;
			proxyType = 2;
			remoteGlobalIDString = 0CF68AC11AF0540F00FF9E5C;
			remoteInfo = RNSVG;
		};
		832341B41AAA6A8300B99B32 /* PBXContainerItemProxy */ = {
			isa = PBXContainerItemProxy;
			containerPortal = 832341B01AAA6A8300B99B32 /* RCTText.xcodeproj */;
			proxyType = 2;
			remoteGlobalIDString = 58B5119B1A9E6C1200147676;
			remoteInfo = RCTText;
		};
		91A62BD91EC60BCF0067A1D7 /* PBXContainerItemProxy */ = {
			isa = PBXContainerItemProxy;
			containerPortal = A1980C902CC2475AB2613899 /* RCTFBSDK.xcodeproj */;
			proxyType = 2;
			remoteGlobalIDString = 9350E0F11CE3B0920041D815;
			remoteInfo = RCTFBSDK;
		};
/* End PBXContainerItemProxy section */

/* Begin PBXFileReference section */
		008F07F21AC5B25A0029DE68 /* main.jsbundle */ = {isa = PBXFileReference; fileEncoding = 4; lastKnownFileType = text; path = main.jsbundle; sourceTree = "<group>"; };
		00C302A71ABCB8CE00DB3ED1 /* RCTActionSheet.xcodeproj */ = {isa = PBXFileReference; lastKnownFileType = "wrapper.pb-project"; name = RCTActionSheet.xcodeproj; path = "../node_modules/react-native/Libraries/ActionSheetIOS/RCTActionSheet.xcodeproj"; sourceTree = "<group>"; };
		00C302B51ABCB90400DB3ED1 /* RCTGeolocation.xcodeproj */ = {isa = PBXFileReference; lastKnownFileType = "wrapper.pb-project"; name = RCTGeolocation.xcodeproj; path = "../node_modules/react-native/Libraries/Geolocation/RCTGeolocation.xcodeproj"; sourceTree = "<group>"; };
		00C302BB1ABCB91800DB3ED1 /* RCTImage.xcodeproj */ = {isa = PBXFileReference; lastKnownFileType = "wrapper.pb-project"; name = RCTImage.xcodeproj; path = "../node_modules/react-native/Libraries/Image/RCTImage.xcodeproj"; sourceTree = "<group>"; };
		00C302D31ABCB9D200DB3ED1 /* RCTNetwork.xcodeproj */ = {isa = PBXFileReference; lastKnownFileType = "wrapper.pb-project"; name = RCTNetwork.xcodeproj; path = "../node_modules/react-native/Libraries/Network/RCTNetwork.xcodeproj"; sourceTree = "<group>"; };
		00C302DF1ABCB9EE00DB3ED1 /* RCTVibration.xcodeproj */ = {isa = PBXFileReference; lastKnownFileType = "wrapper.pb-project"; name = RCTVibration.xcodeproj; path = "../node_modules/react-native/Libraries/Vibration/RCTVibration.xcodeproj"; sourceTree = "<group>"; };
		00E356EE1AD99517003FC87E /* FirstStudentTests.xctest */ = {isa = PBXFileReference; explicitFileType = wrapper.cfbundle; includeInIndex = 0; path = FirstStudentTests.xctest; sourceTree = BUILT_PRODUCTS_DIR; };
		00E356F11AD99517003FC87E /* Info.plist */ = {isa = PBXFileReference; lastKnownFileType = text.plist.xml; path = Info.plist; sourceTree = "<group>"; };
		00E356F21AD99517003FC87E /* FirstStudentTests.m */ = {isa = PBXFileReference; lastKnownFileType = sourcecode.c.objc; path = FirstStudentTests.m; sourceTree = "<group>"; };
		0C1587B15EBA4329AE3988EE /* libRNSVG.a */ = {isa = PBXFileReference; explicitFileType = undefined; fileEncoding = 9; includeInIndex = 0; lastKnownFileType = archive.ar; path = libRNSVG.a; sourceTree = "<group>"; };
		139105B61AF99BAD00B5F7CC /* RCTSettings.xcodeproj */ = {isa = PBXFileReference; lastKnownFileType = "wrapper.pb-project"; name = RCTSettings.xcodeproj; path = "../node_modules/react-native/Libraries/Settings/RCTSettings.xcodeproj"; sourceTree = "<group>"; };
		139FDEE61B06529A00C62182 /* RCTWebSocket.xcodeproj */ = {isa = PBXFileReference; lastKnownFileType = "wrapper.pb-project"; name = RCTWebSocket.xcodeproj; path = "../node_modules/react-native/Libraries/WebSocket/RCTWebSocket.xcodeproj"; sourceTree = "<group>"; };
		13B07F961A680F5B00A75B9A /* FirstStudent.app */ = {isa = PBXFileReference; explicitFileType = wrapper.application; includeInIndex = 0; path = FirstStudent.app; sourceTree = BUILT_PRODUCTS_DIR; };
		13B07FAF1A68108700A75B9A /* AppDelegate.h */ = {isa = PBXFileReference; fileEncoding = 4; lastKnownFileType = sourcecode.c.h; name = AppDelegate.h; path = FirstStudent/AppDelegate.h; sourceTree = "<group>"; };
		13B07FB01A68108700A75B9A /* AppDelegate.m */ = {isa = PBXFileReference; fileEncoding = 4; lastKnownFileType = sourcecode.c.objc; name = AppDelegate.m; path = FirstStudent/AppDelegate.m; sourceTree = "<group>"; };
		13B07FB21A68108700A75B9A /* Base */ = {isa = PBXFileReference; lastKnownFileType = file.xib; name = Base; path = Base.lproj/LaunchScreen.xib; sourceTree = "<group>"; };
		13B07FB51A68108700A75B9A /* Images.xcassets */ = {isa = PBXFileReference; lastKnownFileType = folder.assetcatalog; name = Images.xcassets; path = FirstStudent/Images.xcassets; sourceTree = "<group>"; };
		13B07FB61A68108700A75B9A /* Info.plist */ = {isa = PBXFileReference; fileEncoding = 4; lastKnownFileType = text.plist.xml; name = Info.plist; path = FirstStudent/Info.plist; sourceTree = "<group>"; };
		13B07FB71A68108700A75B9A /* main.m */ = {isa = PBXFileReference; fileEncoding = 4; lastKnownFileType = sourcecode.c.objc; name = main.m; path = FirstStudent/main.m; sourceTree = "<group>"; };
		146833FF1AC3E56700842450 /* React.xcodeproj */ = {isa = PBXFileReference; lastKnownFileType = "wrapper.pb-project"; name = React.xcodeproj; path = "../node_modules/react-native/React/React.xcodeproj"; sourceTree = "<group>"; };
		146EFEF5A8B84801A63A8FB6 /* Entypo.ttf */ = {isa = PBXFileReference; explicitFileType = undefined; fileEncoding = 9; includeInIndex = 0; lastKnownFileType = unknown; name = Entypo.ttf; path = "../node_modules/react-native-vector-icons/Fonts/Entypo.ttf"; sourceTree = "<group>"; };
		1F0C75FC2C704A0E8157ED89 /* libRNVectorIcons.a */ = {isa = PBXFileReference; explicitFileType = undefined; fileEncoding = 9; includeInIndex = 0; lastKnownFileType = archive.ar; path = libRNVectorIcons.a; sourceTree = "<group>"; };
		22EF7FC57B0141A6831E9785 /* Ionicons.ttf */ = {isa = PBXFileReference; explicitFileType = undefined; fileEncoding = 9; includeInIndex = 0; lastKnownFileType = unknown; name = Ionicons.ttf; path = "../node_modules/react-native-vector-icons/Fonts/Ionicons.ttf"; sourceTree = "<group>"; };
		3B3991B6BDDF4AEE951B7B1C /* ReactNativeGlobalProps.xcodeproj */ = {isa = PBXFileReference; explicitFileType = undefined; fileEncoding = 9; includeInIndex = 0; lastKnownFileType = "wrapper.pb-project"; name = ReactNativeGlobalProps.xcodeproj; path = "../node_modules/react-native-global-props/ios/ReactNativeGlobalProps.xcodeproj"; sourceTree = "<group>"; };
		4109EC3D1E4AC82DAB6D7C00 /* Pods-FirstStudent.release.xcconfig */ = {isa = PBXFileReference; includeInIndex = 1; lastKnownFileType = text.xcconfig; name = "Pods-FirstStudent.release.xcconfig"; path = "Pods/Target Support Files/Pods-FirstStudent/Pods-FirstStudent.release.xcconfig"; sourceTree = "<group>"; };
		56C0F30CFA9F40AAAE7FD022 /* libRCTFBSDK.a */ = {isa = PBXFileReference; explicitFileType = undefined; fileEncoding = 9; includeInIndex = 0; lastKnownFileType = archive.ar; path = libRCTFBSDK.a; sourceTree = "<group>"; };
		5788183186684E90AA1AAE84 /* Foundation.ttf */ = {isa = PBXFileReference; explicitFileType = undefined; fileEncoding = 9; includeInIndex = 0; lastKnownFileType = unknown; name = Foundation.ttf; path = "../node_modules/react-native-vector-icons/Fonts/Foundation.ttf"; sourceTree = "<group>"; };
		654FCA87662C425AB83B71A8 /* FontAwesome.ttf */ = {isa = PBXFileReference; explicitFileType = undefined; fileEncoding = 9; includeInIndex = 0; lastKnownFileType = unknown; name = FontAwesome.ttf; path = "../node_modules/react-native-vector-icons/Fonts/FontAwesome.ttf"; sourceTree = "<group>"; };
		78C398B01ACF4ADC00677621 /* RCTLinking.xcodeproj */ = {isa = PBXFileReference; lastKnownFileType = "wrapper.pb-project"; name = RCTLinking.xcodeproj; path = "../node_modules/react-native/Libraries/LinkingIOS/RCTLinking.xcodeproj"; sourceTree = "<group>"; };
		7FBD0970CCEF44A89BBD74E7 /* libRNI18n.a */ = {isa = PBXFileReference; explicitFileType = undefined; fileEncoding = 9; includeInIndex = 0; lastKnownFileType = archive.ar; path = libRNI18n.a; sourceTree = "<group>"; };
		821AAFA51DBEB957008DECA9 /* FirstStudent.entitlements */ = {isa = PBXFileReference; lastKnownFileType = text.plist.entitlements; name = FirstStudent.entitlements; path = FirstStudent/FirstStudent.entitlements; sourceTree = "<group>"; };
		823975301F0455A000C38942 /* AddressBook.framework */ = {isa = PBXFileReference; lastKnownFileType = wrapper.framework; name = AddressBook.framework; path = System/Library/Frameworks/AddressBook.framework; sourceTree = SDKROOT; };
		823975311F0455A000C38942 /* SafariServices.framework */ = {isa = PBXFileReference; lastKnownFileType = wrapper.framework; name = SafariServices.framework; path = System/Library/Frameworks/SafariServices.framework; sourceTree = SDKROOT; };
		823975321F0455A000C38942 /* SystemConfiguration.framework */ = {isa = PBXFileReference; lastKnownFileType = wrapper.framework; name = SystemConfiguration.framework; path = System/Library/Frameworks/SystemConfiguration.framework; sourceTree = SDKROOT; };
		823C30961DCF7F0C0019164A /* Fabric.framework */ = {isa = PBXFileReference; lastKnownFileType = wrapper.framework; path = Fabric.framework; sourceTree = "<group>"; };
		823C30971DCF7F0C0019164A /* Crashlytics.framework */ = {isa = PBXFileReference; lastKnownFileType = wrapper.framework; path = Crashlytics.framework; sourceTree = "<group>"; };
		823F41451DBBC68300D5E3CA /* RCTOneSignal.xcodeproj */ = {isa = PBXFileReference; lastKnownFileType = "wrapper.pb-project"; name = RCTOneSignal.xcodeproj; path = "../node_modules/react-native-onesignal/ios/RCTOneSignal.xcodeproj"; sourceTree = "<group>"; };
		823F41781DBBC9E300D5E3CA /* OneSignal.framework */ = {isa = PBXFileReference; lastKnownFileType = wrapper.framework; name = OneSignal.framework; path = "../node_modules/react-native-onesignal/ios/Frameworks/OneSignal.framework"; sourceTree = "<group>"; };
		825AE1FA1EC22100005AA9D1 /* Bolts.framework */ = {isa = PBXFileReference; lastKnownFileType = wrapper.framework; path = Bolts.framework; sourceTree = "<group>"; };
		825AE1FB1EC22100005AA9D1 /* FBSDKCoreKit.framework */ = {isa = PBXFileReference; lastKnownFileType = wrapper.framework; path = FBSDKCoreKit.framework; sourceTree = "<group>"; };
		825AE1FC1EC22100005AA9D1 /* FBSDKLoginKit.framework */ = {isa = PBXFileReference; lastKnownFileType = wrapper.framework; path = FBSDKLoginKit.framework; sourceTree = "<group>"; };
		825AE1FD1EC22100005AA9D1 /* FBSDKShareKit.framework */ = {isa = PBXFileReference; lastKnownFileType = wrapper.framework; path = FBSDKShareKit.framework; sourceTree = "<group>"; };
		828072321DCF80F200FF3ABC /* SMXCrashlytics.xcodeproj */ = {isa = PBXFileReference; lastKnownFileType = "wrapper.pb-project"; name = SMXCrashlytics.xcodeproj; path = "../node_modules/react-native-fabric/ios/SMXCrashlytics.xcodeproj"; sourceTree = "<group>"; };
		828F886E1D43A6FD0005A23D /* icomoon.ttf */ = {isa = PBXFileReference; lastKnownFileType = file; name = icomoon.ttf; path = ../App/Themes/fonts/icomoon/fonts/icomoon.ttf; sourceTree = "<group>"; };
		82A45A091D4C0647003DC2D1 /* RCTSplashScreen.xcodeproj */ = {isa = PBXFileReference; lastKnownFileType = "wrapper.pb-project"; name = RCTSplashScreen.xcodeproj; path = "../node_modules/@remobile/react-native-splashscreen/ios/RCTSplashScreen.xcodeproj"; sourceTree = "<group>"; };
		82B203C91F0467C000A3850D /* GoogleSignIn.bundle */ = {isa = PBXFileReference; lastKnownFileType = "wrapper.plug-in"; path = GoogleSignIn.bundle; sourceTree = "<group>"; };
		82B203CA1F0467C000A3850D /* GoogleSignIn.framework */ = {isa = PBXFileReference; lastKnownFileType = wrapper.framework; path = GoogleSignIn.framework; sourceTree = "<group>"; };
		82B203CB1F0467C000A3850D /* RNGoogleSignin.h */ = {isa = PBXFileReference; fileEncoding = 4; lastKnownFileType = sourcecode.c.h; path = RNGoogleSignin.h; sourceTree = "<group>"; };
		82B203CC1F0467C000A3850D /* RNGoogleSignin.m */ = {isa = PBXFileReference; fileEncoding = 4; lastKnownFileType = sourcecode.c.objc; path = RNGoogleSignin.m; sourceTree = "<group>"; };
		82B203CD1F0467C000A3850D /* RNGoogleSigninButtonManager.m */ = {isa = PBXFileReference; fileEncoding = 4; lastKnownFileType = sourcecode.c.objc; path = RNGoogleSigninButtonManager.m; sourceTree = "<group>"; };
		82E6F0EC1E01C1C500CDEC8C /* OpenSans-Bold.ttf */ = {isa = PBXFileReference; lastKnownFileType = file; name = "OpenSans-Bold.ttf"; path = "../App/Themes/fonts/open-sans/OpenSans-Bold.ttf"; sourceTree = "<group>"; };
		82E6F0ED1E01C1C500CDEC8C /* OpenSans-BoldItalic.ttf */ = {isa = PBXFileReference; lastKnownFileType = file; name = "OpenSans-BoldItalic.ttf"; path = "../App/Themes/fonts/open-sans/OpenSans-BoldItalic.ttf"; sourceTree = "<group>"; };
		82E6F0EE1E01C1C500CDEC8C /* OpenSans-ExtraBold.ttf */ = {isa = PBXFileReference; lastKnownFileType = file; name = "OpenSans-ExtraBold.ttf"; path = "../App/Themes/fonts/open-sans/OpenSans-ExtraBold.ttf"; sourceTree = "<group>"; };
		82E6F0EF1E01C1C500CDEC8C /* OpenSans-ExtraBoldItalic.ttf */ = {isa = PBXFileReference; lastKnownFileType = file; name = "OpenSans-ExtraBoldItalic.ttf"; path = "../App/Themes/fonts/open-sans/OpenSans-ExtraBoldItalic.ttf"; sourceTree = "<group>"; };
		82E6F0F01E01C1C500CDEC8C /* OpenSans-Italic.ttf */ = {isa = PBXFileReference; lastKnownFileType = file; name = "OpenSans-Italic.ttf"; path = "../App/Themes/fonts/open-sans/OpenSans-Italic.ttf"; sourceTree = "<group>"; };
		82E6F0F11E01C1C500CDEC8C /* OpenSans-Light.ttf */ = {isa = PBXFileReference; lastKnownFileType = file; name = "OpenSans-Light.ttf"; path = "../App/Themes/fonts/open-sans/OpenSans-Light.ttf"; sourceTree = "<group>"; };
		82E6F0F21E01C1C500CDEC8C /* OpenSans-LightItalic.ttf */ = {isa = PBXFileReference; lastKnownFileType = file; name = "OpenSans-LightItalic.ttf"; path = "../App/Themes/fonts/open-sans/OpenSans-LightItalic.ttf"; sourceTree = "<group>"; };
		82E6F0F31E01C1C500CDEC8C /* OpenSans-Regular.ttf */ = {isa = PBXFileReference; lastKnownFileType = file; name = "OpenSans-Regular.ttf"; path = "../App/Themes/fonts/open-sans/OpenSans-Regular.ttf"; sourceTree = "<group>"; };
		82E6F0F41E01C1C500CDEC8C /* OpenSans-Semibold.ttf */ = {isa = PBXFileReference; lastKnownFileType = file; name = "OpenSans-Semibold.ttf"; path = "../App/Themes/fonts/open-sans/OpenSans-Semibold.ttf"; sourceTree = "<group>"; };
		82E6F0F51E01C1C500CDEC8C /* OpenSans-SemiboldItalic.ttf */ = {isa = PBXFileReference; lastKnownFileType = file; name = "OpenSans-SemiboldItalic.ttf"; path = "../App/Themes/fonts/open-sans/OpenSans-SemiboldItalic.ttf"; sourceTree = "<group>"; };
		832341B01AAA6A8300B99B32 /* RCTText.xcodeproj */ = {isa = PBXFileReference; lastKnownFileType = "wrapper.pb-project"; name = RCTText.xcodeproj; path = "../node_modules/react-native/Libraries/Text/RCTText.xcodeproj"; sourceTree = "<group>"; };
		8FBFB201E9EB4C098B2AFDBD /* RNDeviceInfo.xcodeproj */ = {isa = PBXFileReference; explicitFileType = undefined; fileEncoding = 9; includeInIndex = 0; lastKnownFileType = "wrapper.pb-project"; name = RNDeviceInfo.xcodeproj; path = "../node_modules/react-native-device-info/RNDeviceInfo.xcodeproj"; sourceTree = "<group>"; };
		942E669756A24237BFDD469F /* Octicons.ttf */ = {isa = PBXFileReference; explicitFileType = undefined; fileEncoding = 9; includeInIndex = 0; lastKnownFileType = unknown; name = Octicons.ttf; path = "../node_modules/react-native-vector-icons/Fonts/Octicons.ttf"; sourceTree = "<group>"; };
		970D27C57C7C4F938C34C736 /* libRCTActionSheet.a */ = {isa = PBXFileReference; explicitFileType = undefined; fileEncoding = 9; includeInIndex = 0; lastKnownFileType = archive.ar; path = libRCTActionSheet.a; sourceTree = "<group>"; };
		9C7FFED46266FE6E2BB5E896 /* Pods-FirstStudent.debug.xcconfig */ = {isa = PBXFileReference; includeInIndex = 1; lastKnownFileType = text.xcconfig; name = "Pods-FirstStudent.debug.xcconfig"; path = "Pods/Target Support Files/Pods-FirstStudent/Pods-FirstStudent.debug.xcconfig"; sourceTree = "<group>"; };
		9E7A741229854E658756BDCF /* AirMaps.xcodeproj */ = {isa = PBXFileReference; explicitFileType = undefined; fileEncoding = 9; includeInIndex = 0; lastKnownFileType = "wrapper.pb-project"; name = AirMaps.xcodeproj; path = "../node_modules/react-native-maps/ios/AirMaps.xcodeproj"; sourceTree = "<group>"; };
		A050588BC25B460383F1EDBE /* libRNDeviceInfo.a */ = {isa = PBXFileReference; explicitFileType = undefined; fileEncoding = 9; includeInIndex = 0; lastKnownFileType = archive.ar; path = libRNDeviceInfo.a; sourceTree = "<group>"; };
		A1980C902CC2475AB2613899 /* RCTFBSDK.xcodeproj */ = {isa = PBXFileReference; explicitFileType = undefined; fileEncoding = 9; includeInIndex = 0; lastKnownFileType = "wrapper.pb-project"; name = RCTFBSDK.xcodeproj; path = "../node_modules/react-native-fbsdk/ios/RCTFBSDK.xcodeproj"; sourceTree = "<group>"; };
		ADDCD9BEC546BC33E003FED8 /* libPods-FirstStudent.a */ = {isa = PBXFileReference; explicitFileType = archive.ar; includeInIndex = 0; path = "libPods-FirstStudent.a"; sourceTree = BUILT_PRODUCTS_DIR; };
		CA78275985A44F0684FFD2EF /* RNI18n.xcodeproj */ = {isa = PBXFileReference; explicitFileType = undefined; fileEncoding = 9; includeInIndex = 0; lastKnownFileType = "wrapper.pb-project"; name = RNI18n.xcodeproj; path = "../node_modules/react-native-i18n/RNI18n.xcodeproj"; sourceTree = "<group>"; };
		E1C2E67F24F44B908CF331F9 /* libAirMaps.a */ = {isa = PBXFileReference; explicitFileType = undefined; fileEncoding = 9; includeInIndex = 0; lastKnownFileType = archive.ar; path = libAirMaps.a; sourceTree = "<group>"; };
		ECEF86ED04B54068B0A361A7 /* Zocial.ttf */ = {isa = PBXFileReference; explicitFileType = undefined; fileEncoding = 9; includeInIndex = 0; lastKnownFileType = unknown; name = Zocial.ttf; path = "../node_modules/react-native-vector-icons/Fonts/Zocial.ttf"; sourceTree = "<group>"; };
		EEA594AE29AE4AD7ABE6AE8F /* RNSVG.xcodeproj */ = {isa = PBXFileReference; explicitFileType = undefined; fileEncoding = 9; includeInIndex = 0; lastKnownFileType = "wrapper.pb-project"; name = RNSVG.xcodeproj; path = "../node_modules/react-native-svg/ios/RNSVG.xcodeproj"; sourceTree = "<group>"; };
		EEBB5F5C2C444D26925DF640 /* MaterialIcons.ttf */ = {isa = PBXFileReference; explicitFileType = undefined; fileEncoding = 9; includeInIndex = 0; lastKnownFileType = unknown; name = MaterialIcons.ttf; path = "../node_modules/react-native-vector-icons/Fonts/MaterialIcons.ttf"; sourceTree = "<group>"; };
		F3CE97B36A5A4AE981925815 /* RNVectorIcons.xcodeproj */ = {isa = PBXFileReference; explicitFileType = undefined; fileEncoding = 9; includeInIndex = 0; lastKnownFileType = "wrapper.pb-project"; name = RNVectorIcons.xcodeproj; path = "../node_modules/react-native-vector-icons/RNVectorIcons.xcodeproj"; sourceTree = "<group>"; };
		F4EFB64608FE4A74A109446C /* EvilIcons.ttf */ = {isa = PBXFileReference; explicitFileType = undefined; fileEncoding = 9; includeInIndex = 0; lastKnownFileType = unknown; name = EvilIcons.ttf; path = "../node_modules/react-native-vector-icons/Fonts/EvilIcons.ttf"; sourceTree = "<group>"; };
/* End PBXFileReference section */

/* Begin PBXFrameworksBuildPhase section */
		00E356EB1AD99517003FC87E /* Frameworks */ = {
			isa = PBXFrameworksBuildPhase;
			buildActionMask = 2147483647;
			files = (
				140ED2AC1D01E1AD002B40FF /* libReact.a in Frameworks */,
			);
			runOnlyForDeploymentPostprocessing = 0;
		};
		13B07F8C1A680F5B00A75B9A /* Frameworks */ = {
			isa = PBXFrameworksBuildPhase;
			buildActionMask = 2147483647;
			files = (
				823975331F0455A000C38942 /* AddressBook.framework in Frameworks */,
				823975341F0455A000C38942 /* SafariServices.framework in Frameworks */,
				823975351F0455A000C38942 /* SystemConfiguration.framework in Frameworks */,
				825AE1FE1EC22100005AA9D1 /* Bolts.framework in Frameworks */,
				8280724A1DCF810A00FF3ABC /* libSMXCrashlytics.a in Frameworks */,
				146834051AC3E58100842450 /* libReact.a in Frameworks */,
				00C302E51ABCBA2D00DB3ED1 /* libRCTActionSheet.a in Frameworks */,
				00C302E71ABCBA2D00DB3ED1 /* libRCTGeolocation.a in Frameworks */,
				00C302E81ABCBA2D00DB3ED1 /* libRCTImage.a in Frameworks */,
				133E29F31AD74F7200F7D852 /* libRCTLinking.a in Frameworks */,
				00C302E91ABCBA2D00DB3ED1 /* libRCTNetwork.a in Frameworks */,
				139105C61AF99C1200B5F7CC /* libRCTSettings.a in Frameworks */,
				832341BD1AAA6AB300B99B32 /* libRCTText.a in Frameworks */,
				00C302EA1ABCBA2D00DB3ED1 /* libRCTVibration.a in Frameworks */,
				825AE2001EC22100005AA9D1 /* FBSDKLoginKit.framework in Frameworks */,
				139FDEF61B0652A700C62182 /* libRCTWebSocket.a in Frameworks */,
				82A45A1F1D4C075B003DC2D1 /* libRCTSplashScreen.a in Frameworks */,
				823C30981DCF7F0C0019164A /* Fabric.framework in Frameworks */,
				823F418C1DBBCAEE00D5E3CA /* libRCTOneSignal.a in Frameworks */,
				823C30991DCF7F0C0019164A /* Crashlytics.framework in Frameworks */,
				823F41791DBBC9E300D5E3CA /* OneSignal.framework in Frameworks */,
				3A11419F2A814922A74E6341 /* libRNDeviceInfo.a in Frameworks */,
				478A6F1FD4094ECBA76D3797 /* libRNI18n.a in Frameworks */,
				82B203CF1F0467C000A3850D /* GoogleSignIn.framework in Frameworks */,
				733FB8E6E9F34A0981AB6ADE /* libRNVectorIcons.a in Frameworks */,
				A65C168A5B7645B6A40BE132 /* libAirMaps.a in Frameworks */,
				825AE1FF1EC22100005AA9D1 /* FBSDKCoreKit.framework in Frameworks */,
				B98D9C0048D148D9A101D6F5 /* libRNSVG.a in Frameworks */,
				825AE2011EC22100005AA9D1 /* FBSDKShareKit.framework in Frameworks */,
				46C5DF7F5E762B6F604900CC /* libPods-FirstStudent.a in Frameworks */,
				3742399A65B64ACDAB47642C /* libRCTFBSDK.a in Frameworks */,
				6CA828263E4E4830BBA8CD39 /* libRCTActionSheet.a in Frameworks */,
			);
			runOnlyForDeploymentPostprocessing = 0;
		};
/* End PBXFrameworksBuildPhase section */

/* Begin PBXGroup section */
		00C302A81ABCB8CE00DB3ED1 /* Products */ = {
			isa = PBXGroup;
			children = (
				00C302AC1ABCB8CE00DB3ED1 /* libRCTActionSheet.a */,
			);
			name = Products;
			sourceTree = "<group>";
		};
		00C302B61ABCB90400DB3ED1 /* Products */ = {
			isa = PBXGroup;
			children = (
				00C302BA1ABCB90400DB3ED1 /* libRCTGeolocation.a */,
			);
			name = Products;
			sourceTree = "<group>";
		};
		00C302BC1ABCB91800DB3ED1 /* Products */ = {
			isa = PBXGroup;
			children = (
				00C302C01ABCB91800DB3ED1 /* libRCTImage.a */,
			);
			name = Products;
			sourceTree = "<group>";
		};
		00C302D41ABCB9D200DB3ED1 /* Products */ = {
			isa = PBXGroup;
			children = (
				00C302DC1ABCB9D200DB3ED1 /* libRCTNetwork.a */,
			);
			name = Products;
			sourceTree = "<group>";
		};
		00C302E01ABCB9EE00DB3ED1 /* Products */ = {
			isa = PBXGroup;
			children = (
				00C302E41ABCB9EE00DB3ED1 /* libRCTVibration.a */,
			);
			name = Products;
			sourceTree = "<group>";
		};
		00E356EF1AD99517003FC87E /* FirstStudentTests */ = {
			isa = PBXGroup;
			children = (
				00E356F21AD99517003FC87E /* FirstStudentTests.m */,
				00E356F01AD99517003FC87E /* Supporting Files */,
			);
			path = FirstStudentTests;
			sourceTree = "<group>";
		};
		00E356F01AD99517003FC87E /* Supporting Files */ = {
			isa = PBXGroup;
			children = (
				00E356F11AD99517003FC87E /* Info.plist */,
			);
			name = "Supporting Files";
			sourceTree = "<group>";
		};
		139105B71AF99BAD00B5F7CC /* Products */ = {
			isa = PBXGroup;
			children = (
				139105C11AF99BAD00B5F7CC /* libRCTSettings.a */,
			);
			name = Products;
			sourceTree = "<group>";
		};
		139FDEE71B06529A00C62182 /* Products */ = {
			isa = PBXGroup;
			children = (
				139FDEF41B06529B00C62182 /* libRCTWebSocket.a */,
			);
			name = Products;
			sourceTree = "<group>";
		};
		13B07FAE1A68108700A75B9A /* FirstStudent */ = {
			isa = PBXGroup;
			children = (
				821AAFA51DBEB957008DECA9 /* FirstStudent.entitlements */,
				008F07F21AC5B25A0029DE68 /* main.jsbundle */,
				13B07FAF1A68108700A75B9A /* AppDelegate.h */,
				13B07FB01A68108700A75B9A /* AppDelegate.m */,
				13B07FB51A68108700A75B9A /* Images.xcassets */,
				13B07FB61A68108700A75B9A /* Info.plist */,
				13B07FB11A68108700A75B9A /* LaunchScreen.xib */,
				13B07FB71A68108700A75B9A /* main.m */,
			);
			name = FirstStudent;
			sourceTree = "<group>";
		};
		146834001AC3E56700842450 /* Products */ = {
			isa = PBXGroup;
			children = (
				146834041AC3E56700842450 /* libReact.a */,
			);
			name = Products;
			sourceTree = "<group>";
		};
		78C398B11ACF4ADC00677621 /* Products */ = {
			isa = PBXGroup;
			children = (
				78C398B91ACF4ADC00677621 /* libRCTLinking.a */,
			);
			name = Products;
			sourceTree = "<group>";
		};
		8227B5441EC183E200DCDCA3 /* Products */ = {
			isa = PBXGroup;
			children = (
				8227B5561EC183E200DCDCA3 /* ReactNativeGlobalProps.app */,
				8227B5581EC183E200DCDCA3 /* ReactNativeGlobalPropsTests.xctest */,
			);
			name = Products;
			sourceTree = "<group>";
		};
		823F41461DBBC68300D5E3CA /* Products */ = {
			isa = PBXGroup;
			children = (
				823F41501DBBC68300D5E3CA /* libRCTOneSignal.a */,
			);
			name = Products;
			sourceTree = "<group>";
		};
		828072331DCF80F200FF3ABC /* Products */ = {
			isa = PBXGroup;
			children = (
				828072491DCF80F200FF3ABC /* libSMXCrashlytics.a */,
			);
			name = Products;
			sourceTree = "<group>";
		};
		828F884D1D4383A90005A23D /* Products */ = {
			isa = PBXGroup;
			children = (
				828F88601D4383AA0005A23D /* libRNVectorIcons.a */,
			);
			name = Products;
			sourceTree = "<group>";
		};
		828F884F1D4383A90005A23D /* Products */ = {
			isa = PBXGroup;
			children = (
				828F88531D4383AA0005A23D /* libAirMaps.a */,
			);
			name = Products;
			sourceTree = "<group>";
		};
		828F88611D4383AA0005A23D /* Products */ = {
			isa = PBXGroup;
			children = (
				828F88661D4383AA0005A23D /* libRNI18n.a */,
				828F88681D4383AA0005A23D /* RNI18nTests.xctest */,
			);
			name = Products;
			sourceTree = "<group>";
		};
		828F88691D4383AA0005A23D /* Products */ = {
			isa = PBXGroup;
			children = (
				828F886D1D4383AA0005A23D /* libRNDeviceInfo.a */,
			);
			name = Products;
			sourceTree = "<group>";
		};
		82A45A0A1D4C0647003DC2D1 /* Products */ = {
			isa = PBXGroup;
			children = (
				82A45A151D4C0647003DC2D1 /* libRCTSplashScreen.a */,
			);
			name = Products;
			sourceTree = "<group>";
		};
		82DB3C151D4A5B88007B4DF3 /* Products */ = {
			isa = PBXGroup;
			children = (
				82DB3C271D4A5B89007B4DF3 /* libRNSVG.a */,
			);
			name = Products;
			sourceTree = "<group>";
		};
		832341AE1AAA6A7D00B99B32 /* Libraries */ = {
			isa = PBXGroup;
			children = (
				828072321DCF80F200FF3ABC /* SMXCrashlytics.xcodeproj */,
				823F41451DBBC68300D5E3CA /* RCTOneSignal.xcodeproj */,
				82A45A091D4C0647003DC2D1 /* RCTSplashScreen.xcodeproj */,
				146833FF1AC3E56700842450 /* React.xcodeproj */,
				00C302A71ABCB8CE00DB3ED1 /* RCTActionSheet.xcodeproj */,
				00C302B51ABCB90400DB3ED1 /* RCTGeolocation.xcodeproj */,
				00C302BB1ABCB91800DB3ED1 /* RCTImage.xcodeproj */,
				78C398B01ACF4ADC00677621 /* RCTLinking.xcodeproj */,
				00C302D31ABCB9D200DB3ED1 /* RCTNetwork.xcodeproj */,
				139105B61AF99BAD00B5F7CC /* RCTSettings.xcodeproj */,
				832341B01AAA6A8300B99B32 /* RCTText.xcodeproj */,
				00C302DF1ABCB9EE00DB3ED1 /* RCTVibration.xcodeproj */,
				139FDEE61B06529A00C62182 /* RCTWebSocket.xcodeproj */,
				8FBFB201E9EB4C098B2AFDBD /* RNDeviceInfo.xcodeproj */,
				CA78275985A44F0684FFD2EF /* RNI18n.xcodeproj */,
				F3CE97B36A5A4AE981925815 /* RNVectorIcons.xcodeproj */,
				9E7A741229854E658756BDCF /* AirMaps.xcodeproj */,
				EEA594AE29AE4AD7ABE6AE8F /* RNSVG.xcodeproj */,
				3B3991B6BDDF4AEE951B7B1C /* ReactNativeGlobalProps.xcodeproj */,
				A1980C902CC2475AB2613899 /* RCTFBSDK.xcodeproj */,
			);
			name = Libraries;
			sourceTree = "<group>";
		};
		832341B11AAA6A8300B99B32 /* Products */ = {
			isa = PBXGroup;
			children = (
				832341B51AAA6A8300B99B32 /* libRCTText.a */,
			);
			name = Products;
			sourceTree = "<group>";
		};
		83CBB9F61A601CBA00E9B192 = {
			isa = PBXGroup;
			children = (
				82B203C91F0467C000A3850D /* GoogleSignIn.bundle */,
				82B203CB1F0467C000A3850D /* RNGoogleSignin.h */,
				82B203CC1F0467C000A3850D /* RNGoogleSignin.m */,
				82B203CD1F0467C000A3850D /* RNGoogleSigninButtonManager.m */,
				13B07FAE1A68108700A75B9A /* FirstStudent */,
				832341AE1AAA6A7D00B99B32 /* Libraries */,
				00E356EF1AD99517003FC87E /* FirstStudentTests */,
				83CBBA001A601CBA00E9B192 /* Products */,
				900D6E1FA6814CB4AE2FF963 /* Resources */,
				913B1B3C96608DFE3D2CB1B2 /* Pods */,
				8475ED0FA0E4017039643FEE /* Frameworks */,
			);
			indentWidth = 2;
			sourceTree = "<group>";
			tabWidth = 2;
		};
		83CBBA001A601CBA00E9B192 /* Products */ = {
			isa = PBXGroup;
			children = (
				13B07F961A680F5B00A75B9A /* FirstStudent.app */,
				00E356EE1AD99517003FC87E /* FirstStudentTests.xctest */,
			);
			name = Products;
			sourceTree = "<group>";
		};
		8475ED0FA0E4017039643FEE /* Frameworks */ = {
			isa = PBXGroup;
			children = (
				823C30961DCF7F0C0019164A /* Fabric.framework */,
				823C30971DCF7F0C0019164A /* Crashlytics.framework */,
				823F41781DBBC9E300D5E3CA /* OneSignal.framework */,
				825AE1FA1EC22100005AA9D1 /* Bolts.framework */,
				825AE1FB1EC22100005AA9D1 /* FBSDKCoreKit.framework */,
				825AE1FC1EC22100005AA9D1 /* FBSDKLoginKit.framework */,
				825AE1FD1EC22100005AA9D1 /* FBSDKShareKit.framework */,
				82B203CA1F0467C000A3850D /* GoogleSignIn.framework */,
				823975301F0455A000C38942 /* AddressBook.framework */,
				823975311F0455A000C38942 /* SafariServices.framework */,
				823975321F0455A000C38942 /* SystemConfiguration.framework */,
				ADDCD9BEC546BC33E003FED8 /* libPods-FirstStudent.a */,
			);
			name = Frameworks;
			sourceTree = "<group>";
		};
		900D6E1FA6814CB4AE2FF963 /* Resources */ = {
			isa = PBXGroup;
			children = (
				82E6F0EC1E01C1C500CDEC8C /* OpenSans-Bold.ttf */,
				82E6F0ED1E01C1C500CDEC8C /* OpenSans-BoldItalic.ttf */,
				82E6F0EE1E01C1C500CDEC8C /* OpenSans-ExtraBold.ttf */,
				82E6F0EF1E01C1C500CDEC8C /* OpenSans-ExtraBoldItalic.ttf */,
				82E6F0F01E01C1C500CDEC8C /* OpenSans-Italic.ttf */,
				82E6F0F11E01C1C500CDEC8C /* OpenSans-Light.ttf */,
				82E6F0F21E01C1C500CDEC8C /* OpenSans-LightItalic.ttf */,
				82E6F0F31E01C1C500CDEC8C /* OpenSans-Regular.ttf */,
				82E6F0F41E01C1C500CDEC8C /* OpenSans-Semibold.ttf */,
				82E6F0F51E01C1C500CDEC8C /* OpenSans-SemiboldItalic.ttf */,
				828F886E1D43A6FD0005A23D /* icomoon.ttf */,
				146EFEF5A8B84801A63A8FB6 /* Entypo.ttf */,
				F4EFB64608FE4A74A109446C /* EvilIcons.ttf */,
				654FCA87662C425AB83B71A8 /* FontAwesome.ttf */,
				5788183186684E90AA1AAE84 /* Foundation.ttf */,
				22EF7FC57B0141A6831E9785 /* Ionicons.ttf */,
				EEBB5F5C2C444D26925DF640 /* MaterialIcons.ttf */,
				942E669756A24237BFDD469F /* Octicons.ttf */,
				ECEF86ED04B54068B0A361A7 /* Zocial.ttf */,
			);
			name = Resources;
			sourceTree = "<group>";
		};
		913B1B3C96608DFE3D2CB1B2 /* Pods */ = {
			isa = PBXGroup;
			children = (
				9C7FFED46266FE6E2BB5E896 /* Pods-FirstStudent.debug.xcconfig */,
				4109EC3D1E4AC82DAB6D7C00 /* Pods-FirstStudent.release.xcconfig */,
			);
			name = Pods;
			sourceTree = "<group>";
		};
		91A62BD41EC60BCF0067A1D7 /* Products */ = {
			isa = PBXGroup;
			children = (
				91A62BDA1EC60BCF0067A1D7 /* libRCTFBSDK.a */,
			);
			name = Products;
			sourceTree = "<group>";
		};
/* End PBXGroup section */

/* Begin PBXNativeTarget section */
		00E356ED1AD99517003FC87E /* FirstStudentTests */ = {
			isa = PBXNativeTarget;
			buildConfigurationList = 00E357021AD99517003FC87E /* Build configuration list for PBXNativeTarget "FirstStudentTests" */;
			buildPhases = (
				00E356EA1AD99517003FC87E /* Sources */,
				00E356EB1AD99517003FC87E /* Frameworks */,
				00E356EC1AD99517003FC87E /* Resources */,
			);
			buildRules = (
			);
			dependencies = (
				00E356F51AD99517003FC87E /* PBXTargetDependency */,
			);
			name = FirstStudentTests;
			productName = FirstStudentTests;
			productReference = 00E356EE1AD99517003FC87E /* FirstStudentTests.xctest */;
			productType = "com.apple.product-type.bundle.unit-test";
		};
		13B07F861A680F5B00A75B9A /* FirstStudent */ = {
			isa = PBXNativeTarget;
			buildConfigurationList = 13B07F931A680F5B00A75B9A /* Build configuration list for PBXNativeTarget "FirstStudent" */;
			buildPhases = (
				83F65FDF8FE255457B017CD8 /* [CP] Check Pods Manifest.lock */,
				13B07F871A680F5B00A75B9A /* Sources */,
				13B07F8C1A680F5B00A75B9A /* Frameworks */,
				13B07F8E1A680F5B00A75B9A /* Resources */,
				00DD1BFF1BD5951E006B06BC /* Bundle React Native code and images */,
				27CC9FE4C60E7FF2A7674FF1 /* [CP] Embed Pods Frameworks */,
				139C7A22E879A1BA1ACF730C /* [CP] Copy Pods Resources */,
				823C30831DCF7ED20019164A /* ShellScript */,
			);
			buildRules = (
			);
			dependencies = (
			);
			name = FirstStudent;
			productName = "Hello World";
			productReference = 13B07F961A680F5B00A75B9A /* FirstStudent.app */;
			productType = "com.apple.product-type.application";
		};
/* End PBXNativeTarget section */

/* Begin PBXProject section */
		83CBB9F71A601CBA00E9B192 /* Project object */ = {
			isa = PBXProject;
			attributes = {
				LastUpgradeCheck = 610;
				ORGANIZATIONNAME = Facebook;
				TargetAttributes = {
					00E356ED1AD99517003FC87E = {
						CreatedOnToolsVersion = 6.2;
						TestTargetID = 13B07F861A680F5B00A75B9A;
					};
					13B07F861A680F5B00A75B9A = {
						DevelopmentTeam = FN92CCVC4M;
						SystemCapabilities = {
							com.apple.BackgroundModes = {
								enabled = 1;
							};
							com.apple.Push = {
								enabled = 1;
							};
						};
					};
				};
			};
			buildConfigurationList = 83CBB9FA1A601CBA00E9B192 /* Build configuration list for PBXProject "FirstStudent" */;
			compatibilityVersion = "Xcode 3.2";
			developmentRegion = English;
			hasScannedForEncodings = 0;
			knownRegions = (
				en,
				Base,
			);
			mainGroup = 83CBB9F61A601CBA00E9B192;
			productRefGroup = 83CBBA001A601CBA00E9B192 /* Products */;
			projectDirPath = "";
			projectReferences = (
				{
					ProductGroup = 828F884F1D4383A90005A23D /* Products */;
					ProjectRef = 9E7A741229854E658756BDCF /* AirMaps.xcodeproj */;
				},
				{
					ProductGroup = 00C302A81ABCB8CE00DB3ED1 /* Products */;
					ProjectRef = 00C302A71ABCB8CE00DB3ED1 /* RCTActionSheet.xcodeproj */;
				},
				{
					ProductGroup = 91A62BD41EC60BCF0067A1D7 /* Products */;
					ProjectRef = A1980C902CC2475AB2613899 /* RCTFBSDK.xcodeproj */;
				},
				{
					ProductGroup = 00C302B61ABCB90400DB3ED1 /* Products */;
					ProjectRef = 00C302B51ABCB90400DB3ED1 /* RCTGeolocation.xcodeproj */;
				},
				{
					ProductGroup = 00C302BC1ABCB91800DB3ED1 /* Products */;
					ProjectRef = 00C302BB1ABCB91800DB3ED1 /* RCTImage.xcodeproj */;
				},
				{
					ProductGroup = 78C398B11ACF4ADC00677621 /* Products */;
					ProjectRef = 78C398B01ACF4ADC00677621 /* RCTLinking.xcodeproj */;
				},
				{
					ProductGroup = 00C302D41ABCB9D200DB3ED1 /* Products */;
					ProjectRef = 00C302D31ABCB9D200DB3ED1 /* RCTNetwork.xcodeproj */;
				},
				{
					ProductGroup = 823F41461DBBC68300D5E3CA /* Products */;
					ProjectRef = 823F41451DBBC68300D5E3CA /* RCTOneSignal.xcodeproj */;
				},
				{
					ProductGroup = 139105B71AF99BAD00B5F7CC /* Products */;
					ProjectRef = 139105B61AF99BAD00B5F7CC /* RCTSettings.xcodeproj */;
				},
				{
					ProductGroup = 82A45A0A1D4C0647003DC2D1 /* Products */;
					ProjectRef = 82A45A091D4C0647003DC2D1 /* RCTSplashScreen.xcodeproj */;
				},
				{
					ProductGroup = 832341B11AAA6A8300B99B32 /* Products */;
					ProjectRef = 832341B01AAA6A8300B99B32 /* RCTText.xcodeproj */;
				},
				{
					ProductGroup = 00C302E01ABCB9EE00DB3ED1 /* Products */;
					ProjectRef = 00C302DF1ABCB9EE00DB3ED1 /* RCTVibration.xcodeproj */;
				},
				{
					ProductGroup = 139FDEE71B06529A00C62182 /* Products */;
					ProjectRef = 139FDEE61B06529A00C62182 /* RCTWebSocket.xcodeproj */;
				},
				{
					ProductGroup = 146834001AC3E56700842450 /* Products */;
					ProjectRef = 146833FF1AC3E56700842450 /* React.xcodeproj */;
				},
				{
					ProductGroup = 8227B5441EC183E200DCDCA3 /* Products */;
					ProjectRef = 3B3991B6BDDF4AEE951B7B1C /* ReactNativeGlobalProps.xcodeproj */;
				},
				{
					ProductGroup = 828F88691D4383AA0005A23D /* Products */;
					ProjectRef = 8FBFB201E9EB4C098B2AFDBD /* RNDeviceInfo.xcodeproj */;
				},
				{
					ProductGroup = 828F88611D4383AA0005A23D /* Products */;
					ProjectRef = CA78275985A44F0684FFD2EF /* RNI18n.xcodeproj */;
				},
				{
					ProductGroup = 82DB3C151D4A5B88007B4DF3 /* Products */;
					ProjectRef = EEA594AE29AE4AD7ABE6AE8F /* RNSVG.xcodeproj */;
				},
				{
					ProductGroup = 828F884D1D4383A90005A23D /* Products */;
					ProjectRef = F3CE97B36A5A4AE981925815 /* RNVectorIcons.xcodeproj */;
				},
				{
					ProductGroup = 828072331DCF80F200FF3ABC /* Products */;
					ProjectRef = 828072321DCF80F200FF3ABC /* SMXCrashlytics.xcodeproj */;
				},
			);
			projectRoot = "";
			targets = (
				13B07F861A680F5B00A75B9A /* FirstStudent */,
				00E356ED1AD99517003FC87E /* FirstStudentTests */,
			);
		};
/* End PBXProject section */

/* Begin PBXReferenceProxy section */
		00C302AC1ABCB8CE00DB3ED1 /* libRCTActionSheet.a */ = {
			isa = PBXReferenceProxy;
			fileType = archive.ar;
			path = libRCTActionSheet.a;
			remoteRef = 00C302AB1ABCB8CE00DB3ED1 /* PBXContainerItemProxy */;
			sourceTree = BUILT_PRODUCTS_DIR;
		};
		00C302BA1ABCB90400DB3ED1 /* libRCTGeolocation.a */ = {
			isa = PBXReferenceProxy;
			fileType = archive.ar;
			path = libRCTGeolocation.a;
			remoteRef = 00C302B91ABCB90400DB3ED1 /* PBXContainerItemProxy */;
			sourceTree = BUILT_PRODUCTS_DIR;
		};
		00C302C01ABCB91800DB3ED1 /* libRCTImage.a */ = {
			isa = PBXReferenceProxy;
			fileType = archive.ar;
			path = libRCTImage.a;
			remoteRef = 00C302BF1ABCB91800DB3ED1 /* PBXContainerItemProxy */;
			sourceTree = BUILT_PRODUCTS_DIR;
		};
		00C302DC1ABCB9D200DB3ED1 /* libRCTNetwork.a */ = {
			isa = PBXReferenceProxy;
			fileType = archive.ar;
			path = libRCTNetwork.a;
			remoteRef = 00C302DB1ABCB9D200DB3ED1 /* PBXContainerItemProxy */;
			sourceTree = BUILT_PRODUCTS_DIR;
		};
		00C302E41ABCB9EE00DB3ED1 /* libRCTVibration.a */ = {
			isa = PBXReferenceProxy;
			fileType = archive.ar;
			path = libRCTVibration.a;
			remoteRef = 00C302E31ABCB9EE00DB3ED1 /* PBXContainerItemProxy */;
			sourceTree = BUILT_PRODUCTS_DIR;
		};
		139105C11AF99BAD00B5F7CC /* libRCTSettings.a */ = {
			isa = PBXReferenceProxy;
			fileType = archive.ar;
			path = libRCTSettings.a;
			remoteRef = 139105C01AF99BAD00B5F7CC /* PBXContainerItemProxy */;
			sourceTree = BUILT_PRODUCTS_DIR;
		};
		139FDEF41B06529B00C62182 /* libRCTWebSocket.a */ = {
			isa = PBXReferenceProxy;
			fileType = archive.ar;
			path = libRCTWebSocket.a;
			remoteRef = 139FDEF31B06529B00C62182 /* PBXContainerItemProxy */;
			sourceTree = BUILT_PRODUCTS_DIR;
		};
		146834041AC3E56700842450 /* libReact.a */ = {
			isa = PBXReferenceProxy;
			fileType = archive.ar;
			path = libReact.a;
			remoteRef = 146834031AC3E56700842450 /* PBXContainerItemProxy */;
			sourceTree = BUILT_PRODUCTS_DIR;
		};
		78C398B91ACF4ADC00677621 /* libRCTLinking.a */ = {
			isa = PBXReferenceProxy;
			fileType = archive.ar;
			path = libRCTLinking.a;
			remoteRef = 78C398B81ACF4ADC00677621 /* PBXContainerItemProxy */;
			sourceTree = BUILT_PRODUCTS_DIR;
		};
		8227B5561EC183E200DCDCA3 /* ReactNativeGlobalProps.app */ = {
			isa = PBXReferenceProxy;
			fileType = wrapper.application;
			path = ReactNativeGlobalProps.app;
			remoteRef = 8227B5551EC183E200DCDCA3 /* PBXContainerItemProxy */;
			sourceTree = BUILT_PRODUCTS_DIR;
		};
		8227B5581EC183E200DCDCA3 /* ReactNativeGlobalPropsTests.xctest */ = {
			isa = PBXReferenceProxy;
			fileType = wrapper.cfbundle;
			path = ReactNativeGlobalPropsTests.xctest;
			remoteRef = 8227B5571EC183E200DCDCA3 /* PBXContainerItemProxy */;
			sourceTree = BUILT_PRODUCTS_DIR;
		};
		823F41501DBBC68300D5E3CA /* libRCTOneSignal.a */ = {
			isa = PBXReferenceProxy;
			fileType = archive.ar;
			path = libRCTOneSignal.a;
			remoteRef = 823F414F1DBBC68300D5E3CA /* PBXContainerItemProxy */;
			sourceTree = BUILT_PRODUCTS_DIR;
		};
		828072491DCF80F200FF3ABC /* libSMXCrashlytics.a */ = {
			isa = PBXReferenceProxy;
			fileType = archive.ar;
			path = libSMXCrashlytics.a;
			remoteRef = 828072481DCF80F200FF3ABC /* PBXContainerItemProxy */;
			sourceTree = BUILT_PRODUCTS_DIR;
		};
		828F88531D4383AA0005A23D /* libAirMaps.a */ = {
			isa = PBXReferenceProxy;
			fileType = archive.ar;
			path = libAirMaps.a;
			remoteRef = 828F88521D4383AA0005A23D /* PBXContainerItemProxy */;
			sourceTree = BUILT_PRODUCTS_DIR;
		};
		828F88601D4383AA0005A23D /* libRNVectorIcons.a */ = {
			isa = PBXReferenceProxy;
			fileType = archive.ar;
			path = libRNVectorIcons.a;
			remoteRef = 828F885F1D4383AA0005A23D /* PBXContainerItemProxy */;
			sourceTree = BUILT_PRODUCTS_DIR;
		};
		828F88661D4383AA0005A23D /* libRNI18n.a */ = {
			isa = PBXReferenceProxy;
			fileType = archive.ar;
			path = libRNI18n.a;
			remoteRef = 828F88651D4383AA0005A23D /* PBXContainerItemProxy */;
			sourceTree = BUILT_PRODUCTS_DIR;
		};
		828F88681D4383AA0005A23D /* RNI18nTests.xctest */ = {
			isa = PBXReferenceProxy;
			fileType = wrapper.cfbundle;
			path = RNI18nTests.xctest;
			remoteRef = 828F88671D4383AA0005A23D /* PBXContainerItemProxy */;
			sourceTree = BUILT_PRODUCTS_DIR;
		};
		828F886D1D4383AA0005A23D /* libRNDeviceInfo.a */ = {
			isa = PBXReferenceProxy;
			fileType = archive.ar;
			path = libRNDeviceInfo.a;
			remoteRef = 828F886C1D4383AA0005A23D /* PBXContainerItemProxy */;
			sourceTree = BUILT_PRODUCTS_DIR;
		};
		82A45A151D4C0647003DC2D1 /* libRCTSplashScreen.a */ = {
			isa = PBXReferenceProxy;
			fileType = archive.ar;
			path = libRCTSplashScreen.a;
			remoteRef = 82A45A141D4C0647003DC2D1 /* PBXContainerItemProxy */;
			sourceTree = BUILT_PRODUCTS_DIR;
		};
		82DB3C271D4A5B89007B4DF3 /* libRNSVG.a */ = {
			isa = PBXReferenceProxy;
			fileType = archive.ar;
			path = libRNSVG.a;
			remoteRef = 82DB3C261D4A5B89007B4DF3 /* PBXContainerItemProxy */;
			sourceTree = BUILT_PRODUCTS_DIR;
		};
		832341B51AAA6A8300B99B32 /* libRCTText.a */ = {
			isa = PBXReferenceProxy;
			fileType = archive.ar;
			path = libRCTText.a;
			remoteRef = 832341B41AAA6A8300B99B32 /* PBXContainerItemProxy */;
			sourceTree = BUILT_PRODUCTS_DIR;
		};
		91A62BDA1EC60BCF0067A1D7 /* libRCTFBSDK.a */ = {
			isa = PBXReferenceProxy;
			fileType = archive.ar;
			path = libRCTFBSDK.a;
			remoteRef = 91A62BD91EC60BCF0067A1D7 /* PBXContainerItemProxy */;
			sourceTree = BUILT_PRODUCTS_DIR;
		};
/* End PBXReferenceProxy section */

/* Begin PBXResourcesBuildPhase section */
		00E356EC1AD99517003FC87E /* Resources */ = {
			isa = PBXResourcesBuildPhase;
			buildActionMask = 2147483647;
			files = (
			);
			runOnlyForDeploymentPostprocessing = 0;
		};
		13B07F8E1A680F5B00A75B9A /* Resources */ = {
			isa = PBXResourcesBuildPhase;
			buildActionMask = 2147483647;
			files = (
				828F886F1D43A6FD0005A23D /* icomoon.ttf in Resources */,
				13B07FBF1A68108700A75B9A /* Images.xcassets in Resources */,
				82B203CE1F0467C000A3850D /* GoogleSignIn.bundle in Resources */,
				82E6F0F61E01C1C500CDEC8C /* OpenSans-Bold.ttf in Resources */,
				13B07FBD1A68108700A75B9A /* LaunchScreen.xib in Resources */,
				82E6F0FE1E01C1C500CDEC8C /* OpenSans-Semibold.ttf in Resources */,
				82E6F0FB1E01C1C500CDEC8C /* OpenSans-Light.ttf in Resources */,
				575B5760F01544E7B3F9AADB /* Entypo.ttf in Resources */,
				43007F96B55D4E88AE4A12DB /* EvilIcons.ttf in Resources */,
				CD8ECC72B5DF4293B53829FA /* FontAwesome.ttf in Resources */,
				82E6F0FC1E01C1C500CDEC8C /* OpenSans-LightItalic.ttf in Resources */,
				82E6F0FF1E01C1C500CDEC8C /* OpenSans-SemiboldItalic.ttf in Resources */,
				82E6F0F91E01C1C500CDEC8C /* OpenSans-ExtraBoldItalic.ttf in Resources */,
				82E6F0FD1E01C1C500CDEC8C /* OpenSans-Regular.ttf in Resources */,
				58C78BB9F856416B8B9EBA31 /* Foundation.ttf in Resources */,
				82E6F0FA1E01C1C500CDEC8C /* OpenSans-Italic.ttf in Resources */,
				82E6F0F71E01C1C500CDEC8C /* OpenSans-BoldItalic.ttf in Resources */,
				82E6F0F81E01C1C500CDEC8C /* OpenSans-ExtraBold.ttf in Resources */,
				0D18E834522D4A579C46682E /* Ionicons.ttf in Resources */,
				31124022309440DF9D66407D /* MaterialIcons.ttf in Resources */,
				2BE4787A60314AA5AB49D88B /* Octicons.ttf in Resources */,
				6CDE1F35BBD147A19F1A9C71 /* Zocial.ttf in Resources */,
			);
			runOnlyForDeploymentPostprocessing = 0;
		};
/* End PBXResourcesBuildPhase section */

/* Begin PBXShellScriptBuildPhase section */
		00DD1BFF1BD5951E006B06BC /* Bundle React Native code and images */ = {
			isa = PBXShellScriptBuildPhase;
			buildActionMask = 2147483647;
			files = (
			);
			inputPaths = (
			);
			name = "Bundle React Native code and images";
			outputPaths = (
			);
			runOnlyForDeploymentPostprocessing = 0;
			shellPath = /bin/sh;
			shellScript = "export NODE_BINARY=node\n../node_modules/react-native/packager/react-native-xcode.sh";
		};
		139C7A22E879A1BA1ACF730C /* [CP] Copy Pods Resources */ = {
			isa = PBXShellScriptBuildPhase;
			buildActionMask = 2147483647;
			files = (
			);
			inputPaths = (
			);
			name = "[CP] Copy Pods Resources";
			outputPaths = (
			);
			runOnlyForDeploymentPostprocessing = 0;
			shellPath = /bin/sh;
			shellScript = "\"${SRCROOT}/Pods/Target Support Files/Pods-FirstStudent/Pods-FirstStudent-resources.sh\"\n";
			showEnvVarsInLog = 0;
		};
		27CC9FE4C60E7FF2A7674FF1 /* [CP] Embed Pods Frameworks */ = {
			isa = PBXShellScriptBuildPhase;
			buildActionMask = 2147483647;
			files = (
			);
			inputPaths = (
			);
			name = "[CP] Embed Pods Frameworks";
			outputPaths = (
			);
			runOnlyForDeploymentPostprocessing = 0;
			shellPath = /bin/sh;
			shellScript = "\"${SRCROOT}/Pods/Target Support Files/Pods-FirstStudent/Pods-FirstStudent-frameworks.sh\"\n";
			showEnvVarsInLog = 0;
		};
		823C30831DCF7ED20019164A /* ShellScript */ = {
			isa = PBXShellScriptBuildPhase;
			buildActionMask = 2147483647;
			files = (
			);
			inputPaths = (
			);
			outputPaths = (
			);
			runOnlyForDeploymentPostprocessing = 0;
			shellPath = /bin/sh;
			shellScript = "./Fabric.framework/run 63e3dc84d8a4670b88dc34828596150be03f292e 3c526d0211a36bd73163c01ecfc16e3275b838dfce05742541ed1c31e5549312";
		};
		83F65FDF8FE255457B017CD8 /* [CP] Check Pods Manifest.lock */ = {
			isa = PBXShellScriptBuildPhase;
			buildActionMask = 2147483647;
			files = (
			);
			inputPaths = (
			);
			name = "[CP] Check Pods Manifest.lock";
			outputPaths = (
			);
			runOnlyForDeploymentPostprocessing = 0;
			shellPath = /bin/sh;
			shellScript = "diff \"${PODS_PODFILE_DIR_PATH}/Podfile.lock\" \"${PODS_ROOT}/Manifest.lock\" > /dev/null\nif [ $? != 0 ] ; then\n    # print error to STDERR\n    echo \"error: The sandbox is not in sync with the Podfile.lock. Run 'pod install' or update your CocoaPods installation.\" >&2\n    exit 1\nfi\n";
			showEnvVarsInLog = 0;
		};
/* End PBXShellScriptBuildPhase section */

/* Begin PBXSourcesBuildPhase section */
		00E356EA1AD99517003FC87E /* Sources */ = {
			isa = PBXSourcesBuildPhase;
			buildActionMask = 2147483647;
			files = (
				00E356F31AD99517003FC87E /* FirstStudentTests.m in Sources */,
			);
			runOnlyForDeploymentPostprocessing = 0;
		};
		13B07F871A680F5B00A75B9A /* Sources */ = {
			isa = PBXSourcesBuildPhase;
			buildActionMask = 2147483647;
			files = (
				82B203D11F0467C000A3850D /* RNGoogleSigninButtonManager.m in Sources */,
				13B07FBC1A68108700A75B9A /* AppDelegate.m in Sources */,
				13B07FC11A68108700A75B9A /* main.m in Sources */,
				82B203D01F0467C000A3850D /* RNGoogleSignin.m in Sources */,
			);
			runOnlyForDeploymentPostprocessing = 0;
		};
/* End PBXSourcesBuildPhase section */

/* Begin PBXTargetDependency section */
		00E356F51AD99517003FC87E /* PBXTargetDependency */ = {
			isa = PBXTargetDependency;
			target = 13B07F861A680F5B00A75B9A /* FirstStudent */;
			targetProxy = 00E356F41AD99517003FC87E /* PBXContainerItemProxy */;
		};
/* End PBXTargetDependency section */

/* Begin PBXVariantGroup section */
		13B07FB11A68108700A75B9A /* LaunchScreen.xib */ = {
			isa = PBXVariantGroup;
			children = (
				13B07FB21A68108700A75B9A /* Base */,
			);
			name = LaunchScreen.xib;
			path = FirstStudent;
			sourceTree = "<group>";
		};
/* End PBXVariantGroup section */

/* Begin XCBuildConfiguration section */
		00E356F61AD99517003FC87E /* Debug */ = {
			isa = XCBuildConfiguration;
			buildSettings = {
				BUNDLE_LOADER = "$(TEST_HOST)";
				DEVELOPMENT_TEAM = FN92CCVC4M;
				GCC_PREPROCESSOR_DEFINITIONS = (
					"DEBUG=1",
					"$(inherited)",
				);
				INFOPLIST_FILE = FirstStudentTests/Info.plist;
				IPHONEOS_DEPLOYMENT_TARGET = 8.2;
				LD_RUNPATH_SEARCH_PATHS = "$(inherited) @executable_path/Frameworks @loader_path/Frameworks";
				LIBRARY_SEARCH_PATHS = (
					"$(inherited)",
					"\"$(SRCROOT)/$(TARGET_NAME)\"",
					"\"$(SRCROOT)/$(TARGET_NAME)\"",
					"\"$(SRCROOT)/$(TARGET_NAME)\"",
					"\"$(SRCROOT)/$(TARGET_NAME)\"",
					"\"$(SRCROOT)/$(TARGET_NAME)\"",
					"\"$(SRCROOT)/$(TARGET_NAME)\"",
					"\"$(SRCROOT)/$(TARGET_NAME)\"",
				);
				PRODUCT_BUNDLE_IDENTIFIER = com.commutable.firstgroupstaff;
				PRODUCT_NAME = "$(TARGET_NAME)";
				PROVISIONING_PROFILE = "$(sigh_com.commutable.firstgroupstaff_appstore)";
				TEST_HOST = "$(BUILT_PRODUCTS_DIR)/FirstStudent.app/FirstStudent";
			};
			name = Debug;
		};
		00E356F71AD99517003FC87E /* Release */ = {
			isa = XCBuildConfiguration;
			buildSettings = {
				BUNDLE_LOADER = "$(TEST_HOST)";
				COPY_PHASE_STRIP = NO;
				DEVELOPMENT_TEAM = FN92CCVC4M;
				INFOPLIST_FILE = FirstStudentTests/Info.plist;
				IPHONEOS_DEPLOYMENT_TARGET = 8.2;
				LD_RUNPATH_SEARCH_PATHS = "$(inherited) @executable_path/Frameworks @loader_path/Frameworks";
				LIBRARY_SEARCH_PATHS = (
					"$(inherited)",
					"\"$(SRCROOT)/$(TARGET_NAME)\"",
					"\"$(SRCROOT)/$(TARGET_NAME)\"",
					"\"$(SRCROOT)/$(TARGET_NAME)\"",
					"\"$(SRCROOT)/$(TARGET_NAME)\"",
					"\"$(SRCROOT)/$(TARGET_NAME)\"",
					"\"$(SRCROOT)/$(TARGET_NAME)\"",
					"\"$(SRCROOT)/$(TARGET_NAME)\"",
				);
				PRODUCT_BUNDLE_IDENTIFIER = com.commutable.firstgroupstaff;
				PRODUCT_NAME = "$(TARGET_NAME)";
				PROVISIONING_PROFILE = "$(sigh_com.commutable.firstgroupstaff_appstore)";
				TEST_HOST = "$(BUILT_PRODUCTS_DIR)/FirstStudent.app/FirstStudent";
			};
			name = Release;
		};
		13B07F941A680F5B00A75B9A /* Debug */ = {
			isa = XCBuildConfiguration;
			baseConfigurationReference = 9C7FFED46266FE6E2BB5E896 /* Pods-FirstStudent.debug.xcconfig */;
			buildSettings = {
				ASSETCATALOG_COMPILER_APPICON_NAME = AppIcon;
				ASSETCATALOG_COMPILER_LAUNCHIMAGE_NAME = Launchimage;
				CODE_SIGN_ENTITLEMENTS = FirstStudent/FirstStudent.entitlements;
				CODE_SIGN_IDENTITY = "iPhone Distribution";
				DEAD_CODE_STRIPPING = NO;
				DEVELOPMENT_TEAM = FN92CCVC4M;
				FRAMEWORK_SEARCH_PATHS = (
					"$(inherited)",
					"$(PROJECT_DIR)",
				);
				HEADER_SEARCH_PATHS = (
					"$(inherited)",
					/Applications/Xcode.app/Contents/Developer/Toolchains/XcodeDefault.xctoolchain/usr/include,
					"$(SRCROOT)/../node_modules/react-native/React/**",
					"$(SRCROOT)/../node_modules/react-native-device-info/RNDeviceInfo",
					"$(SRCROOT)/../node_modules/react-native-i18n/RNI18n",
					"$(SRCROOT)/../node_modules/react-native-vector-icons/RNVectorIconsManager",
					"$(SRCROOT)/../node_modules/react-native-maps/ios/AirMaps/**",
					"$(SRCROOT)/../node_modules/react-native-svg/ios/**",
					"$(SRCROOT)/../node_modules/@remobile/react-native-splashscreen/ios/RCTSplashScreen",
					"$(SRCROOT)/../node_modules/react-native-onesignal/**",
					"$(SRCROOT)/../node_modules/react-native-fbsdk/ios/RCTFBSDK/**",
					"$(SRCROOT)/../node_modules/react-native-fbsdk/ios/RCTFBSDK/**",
					"$(SRCROOT)/../node_modules/react-native-global-props/ios/ReactNativeGlobalProps/**",
					"$(SRCROOT)/../node_modules/react-native-fbsdk/ios/RCTFBSDK/**",
					"$(SRCROOT)/../node_modules/react-native-fbsdk/ios/RCTFBSDK/**",
					"$(SRCROOT)/../node_modules/react-native-fbsdk/ios/RCTFBSDK/**",
				);
				INFOPLIST_FILE = FirstStudent/Info.plist;
				IPHONEOS_DEPLOYMENT_TARGET = 8.0;
				LD_RUNPATH_SEARCH_PATHS = "$(inherited) @executable_path/Frameworks";
				OTHER_LDFLAGS = (
					"-ObjC",
					"-lc++",
				);
				PRODUCT_BUNDLE_IDENTIFIER = com.commutable.firstgroupstaff;
				PRODUCT_NAME = FirstStudent;
				PROVISIONING_PROFILE = "$(sigh_com.commutable.firstgroupstaff_appstore)";
			};
			name = Debug;
		};
		13B07F951A680F5B00A75B9A /* Release */ = {
			isa = XCBuildConfiguration;
			baseConfigurationReference = 4109EC3D1E4AC82DAB6D7C00 /* Pods-FirstStudent.release.xcconfig */;
			buildSettings = {
				ASSETCATALOG_COMPILER_APPICON_NAME = AppIcon;
				ASSETCATALOG_COMPILER_LAUNCHIMAGE_NAME = Launchimage;
				CODE_SIGN_ENTITLEMENTS = FirstStudent/FirstStudent.entitlements;
				CODE_SIGN_IDENTITY = "iPhone Distribution";
				DEVELOPMENT_TEAM = FN92CCVC4M;
				FRAMEWORK_SEARCH_PATHS = (
					"$(inherited)",
					"$(PROJECT_DIR)",
				);
				HEADER_SEARCH_PATHS = (
					"$(inherited)",
					/Applications/Xcode.app/Contents/Developer/Toolchains/XcodeDefault.xctoolchain/usr/include,
					"$(SRCROOT)/../node_modules/react-native/React/**",
					"$(SRCROOT)/../node_modules/react-native-device-info/RNDeviceInfo",
					"$(SRCROOT)/../node_modules/react-native-i18n/RNI18n",
					"$(SRCROOT)/../node_modules/react-native-vector-icons/RNVectorIconsManager",
					"$(SRCROOT)/../node_modules/react-native-maps/ios/AirMaps/**",
					"$(SRCROOT)/../node_modules/react-native-svg/ios/**",
					"$(SRCROOT)/../node_modules/@remobile/react-native-splashscreen/ios/RCTSplashScreen",
					"$(SRCROOT)/../node_modules/react-native-onesignal/**",
					"$(SRCROOT)/../node_modules/react-native-fbsdk/ios/RCTFBSDK/**",
					"$(SRCROOT)/../node_modules/react-native-fbsdk/ios/RCTFBSDK/**",
					"$(SRCROOT)/../node_modules/react-native-global-props/ios/ReactNativeGlobalProps/**",
					"$(SRCROOT)/../node_modules/react-native-fbsdk/ios/RCTFBSDK/**",
					"$(SRCROOT)/../node_modules/react-native-fbsdk/ios/RCTFBSDK/**",
					"$(SRCROOT)/../node_modules/react-native-fbsdk/ios/RCTFBSDK/**",
				);
				INFOPLIST_FILE = FirstStudent/Info.plist;
				IPHONEOS_DEPLOYMENT_TARGET = 8.0;
				LD_RUNPATH_SEARCH_PATHS = "$(inherited) @executable_path/Frameworks";
				OTHER_LDFLAGS = (
					"-ObjC",
					"-lc++",
				);
				PRODUCT_BUNDLE_IDENTIFIER = com.commutable.firstgroupstaff;
				PRODUCT_NAME = FirstStudent;
				PROVISIONING_PROFILE = "$(sigh_com.commutable.firstgroupstaff_appstore)";
			};
			name = Release;
		};
		83CBBA201A601CBA00E9B192 /* Debug */ = {
			isa = XCBuildConfiguration;
			buildSettings = {
				ALWAYS_SEARCH_USER_PATHS = NO;
				CLANG_CXX_LANGUAGE_STANDARD = "gnu++0x";
				CLANG_CXX_LIBRARY = "libc++";
				CLANG_ENABLE_MODULES = YES;
				CLANG_ENABLE_OBJC_ARC = YES;
				CLANG_WARN_BOOL_CONVERSION = YES;
				CLANG_WARN_CONSTANT_CONVERSION = YES;
				CLANG_WARN_DIRECT_OBJC_ISA_USAGE = YES_ERROR;
				CLANG_WARN_EMPTY_BODY = YES;
				CLANG_WARN_ENUM_CONVERSION = YES;
				CLANG_WARN_INT_CONVERSION = YES;
				CLANG_WARN_OBJC_ROOT_CLASS = YES_ERROR;
				CLANG_WARN_UNREACHABLE_CODE = YES;
				CLANG_WARN__DUPLICATE_METHOD_MATCH = YES;
				"CODE_SIGN_IDENTITY[sdk=iphoneos*]" = "iPhone Developer";
				COPY_PHASE_STRIP = NO;
				CURRENT_PROJECT_VERSION = 22;
				DEVELOPMENT_TEAM = FN92CCVC4M;
				ENABLE_STRICT_OBJC_MSGSEND = YES;
				GCC_C_LANGUAGE_STANDARD = gnu99;
				GCC_DYNAMIC_NO_PIC = NO;
				GCC_OPTIMIZATION_LEVEL = 0;
				GCC_PREPROCESSOR_DEFINITIONS = (
					"DEBUG=1",
					"$(inherited)",
				);
				GCC_SYMBOLS_PRIVATE_EXTERN = NO;
				GCC_WARN_64_TO_32_BIT_CONVERSION = YES;
				GCC_WARN_ABOUT_RETURN_TYPE = YES_ERROR;
				GCC_WARN_UNDECLARED_SELECTOR = YES;
				GCC_WARN_UNINITIALIZED_AUTOS = YES_AGGRESSIVE;
				GCC_WARN_UNUSED_FUNCTION = YES;
				GCC_WARN_UNUSED_VARIABLE = YES;
				HEADER_SEARCH_PATHS = (
					"$(inherited)",
					/Applications/Xcode.app/Contents/Developer/Toolchains/XcodeDefault.xctoolchain/usr/include,
					"$(SRCROOT)/../node_modules/react-native/React/**",
					"$(SRCROOT)/../node_modules/react-native-device-info/RNDeviceInfo",
					"$(SRCROOT)/../node_modules/react-native-i18n/RNI18n",
					"$(SRCROOT)/../node_modules/react-native-vector-icons/RNVectorIconsManager",
					"$(SRCROOT)/../node_modules/react-native-maps/ios/AirMaps/**",
					"$(SRCROOT)/../node_modules/react-native-svg/ios/**",
					"$(SRCROOT)/../node_modules/react-native-fbsdk/ios/RCTFBSDK/**",
					"$(SRCROOT)/../node_modules/react-native-fbsdk/ios/RCTFBSDK/**",
					"$(SRCROOT)/../node_modules/react-native-global-props/ios/ReactNativeGlobalProps/**",
					"$(SRCROOT)/../node_modules/react-native-fbsdk/ios/RCTFBSDK/**",
					"$(SRCROOT)/../node_modules/react-native-fbsdk/ios/RCTFBSDK/**",
					"$(SRCROOT)/../node_modules/react-native-fbsdk/ios/RCTFBSDK/**",
				);
				IPHONEOS_DEPLOYMENT_TARGET = 7.0;
				MTL_ENABLE_DEBUG_INFO = YES;
				ONLY_ACTIVE_ARCH = YES;
				PRODUCT_BUNDLE_IDENTIFIER = com.commutable.firstgroupstaff;
				PROVISIONING_PROFILE = "$(sigh_com.commutable.firstgroupstaff_appstore)";
				SDKROOT = iphoneos;
				VERSIONING_SYSTEM = "";
			};
			name = Debug;
		};
		83CBBA211A601CBA00E9B192 /* Release */ = {
			isa = XCBuildConfiguration;
			buildSettings = {
				ALWAYS_SEARCH_USER_PATHS = NO;
				CLANG_CXX_LANGUAGE_STANDARD = "gnu++0x";
				CLANG_CXX_LIBRARY = "libc++";
				CLANG_ENABLE_MODULES = YES;
				CLANG_ENABLE_OBJC_ARC = YES;
				CLANG_WARN_BOOL_CONVERSION = YES;
				CLANG_WARN_CONSTANT_CONVERSION = YES;
				CLANG_WARN_DIRECT_OBJC_ISA_USAGE = YES_ERROR;
				CLANG_WARN_EMPTY_BODY = YES;
				CLANG_WARN_ENUM_CONVERSION = YES;
				CLANG_WARN_INT_CONVERSION = YES;
				CLANG_WARN_OBJC_ROOT_CLASS = YES_ERROR;
				CLANG_WARN_UNREACHABLE_CODE = YES;
				CLANG_WARN__DUPLICATE_METHOD_MATCH = YES;
				"CODE_SIGN_IDENTITY[sdk=iphoneos*]" = "iPhone Developer";
				COPY_PHASE_STRIP = YES;
				CURRENT_PROJECT_VERSION = 22;
				DEVELOPMENT_TEAM = FN92CCVC4M;
				ENABLE_NS_ASSERTIONS = NO;
				ENABLE_STRICT_OBJC_MSGSEND = YES;
				GCC_C_LANGUAGE_STANDARD = gnu99;
				GCC_WARN_64_TO_32_BIT_CONVERSION = YES;
				GCC_WARN_ABOUT_RETURN_TYPE = YES_ERROR;
				GCC_WARN_UNDECLARED_SELECTOR = YES;
				GCC_WARN_UNINITIALIZED_AUTOS = YES_AGGRESSIVE;
				GCC_WARN_UNUSED_FUNCTION = YES;
				GCC_WARN_UNUSED_VARIABLE = YES;
				HEADER_SEARCH_PATHS = (
					"$(inherited)",
					/Applications/Xcode.app/Contents/Developer/Toolchains/XcodeDefault.xctoolchain/usr/include,
					"$(SRCROOT)/../node_modules/react-native/React/**",
					"$(SRCROOT)/../node_modules/react-native-device-info/RNDeviceInfo",
					"$(SRCROOT)/../node_modules/react-native-i18n/RNI18n",
					"$(SRCROOT)/../node_modules/react-native-vector-icons/RNVectorIconsManager",
					"$(SRCROOT)/../node_modules/react-native-maps/ios/AirMaps/**",
					"$(SRCROOT)/../node_modules/react-native-svg/ios/**",
					"$(SRCROOT)/../node_modules/react-native-fbsdk/ios/RCTFBSDK/**",
					"$(SRCROOT)/../node_modules/react-native-fbsdk/ios/RCTFBSDK/**",
					"$(SRCROOT)/../node_modules/react-native-global-props/ios/ReactNativeGlobalProps/**",
					"$(SRCROOT)/../node_modules/react-native-fbsdk/ios/RCTFBSDK/**",
					"$(SRCROOT)/../node_modules/react-native-fbsdk/ios/RCTFBSDK/**",
					"$(SRCROOT)/../node_modules/react-native-fbsdk/ios/RCTFBSDK/**",
				);
				IPHONEOS_DEPLOYMENT_TARGET = 7.0;
				MTL_ENABLE_DEBUG_INFO = NO;
				PRODUCT_BUNDLE_IDENTIFIER = com.commutable.firstgroupstaff;
				PROVISIONING_PROFILE = "$(sigh_com.commutable.firstgroupstaff_appstore)";
				SDKROOT = iphoneos;
				VALIDATE_PRODUCT = YES;
				VERSIONING_SYSTEM = "";
			};
			name = Release;
		};
/* End XCBuildConfiguration section */

/* Begin XCConfigurationList section */
		00E357021AD99517003FC87E /* Build configuration list for PBXNativeTarget "FirstStudentTests" */ = {
			isa = XCConfigurationList;
			buildConfigurations = (
				00E356F61AD99517003FC87E /* Debug */,
				00E356F71AD99517003FC87E /* Release */,
			);
			defaultConfigurationIsVisible = 0;
			defaultConfigurationName = Release;
		};
		13B07F931A680F5B00A75B9A /* Build configuration list for PBXNativeTarget "FirstStudent" */ = {
			isa = XCConfigurationList;
			buildConfigurations = (
				13B07F941A680F5B00A75B9A /* Debug */,
				13B07F951A680F5B00A75B9A /* Release */,
			);
			defaultConfigurationIsVisible = 0;
			defaultConfigurationName = Release;
		};
		83CBB9FA1A601CBA00E9B192 /* Build configuration list for PBXProject "FirstStudent" */ = {
			isa = XCConfigurationList;
			buildConfigurations = (
				83CBBA201A601CBA00E9B192 /* Debug */,
				83CBBA211A601CBA00E9B192 /* Release */,
			);
			defaultConfigurationIsVisible = 0;
			defaultConfigurationName = Release;
		};
/* End XCConfigurationList section */
	};
	rootObject = 83CBB9F71A601CBA00E9B192 /* Project object */;
}
